
Microsoft Visual Studio Solution File, Format Version 12.00
# Visual Studio Version 16
VisualStudioVersion = 16.0.30611.23
MinimumVisualStudioVersion = 10.0.40219.1
Project("{9A19103F-16F7-4668-BE54-9A1E7A4F7556}") = "ages", "Fundamentals C-Sharp 2021\ages.csproj", "{1B1F27AB-B798-47D9-B55F-BF8AC5C50A20}"
EndProject
Project("{9A19103F-16F7-4668-BE54-9A1E7A4F7556}") = "Division", "Division\Division.csproj", "{210274F2-8B1F-43EA-988E-25F5D86165D7}"
EndProject
Project("{9A19103F-16F7-4668-BE54-9A1E7A4F7556}") = "Vacation", "Vacation\Vacation.csproj", "{D0F92D9A-C7DA-4A8D-8948-E02A176C3EA8}"
EndProject
Project("{9A19103F-16F7-4668-BE54-9A1E7A4F7556}") = "PrintAndSum", "PrintAndSum\PrintAndSum.csproj", "{BC89C73E-AA2B-49EB-96AF-FC9C5281EC50}"
EndProject
Project("{9A19103F-16F7-4668-BE54-9A1E7A4F7556}") = "Login", "Login\Login.csproj", "{1472F3F1-E66B-49BE-B3F0-EBFE23FCD7D8}"
EndProject
Project("{9A19103F-16F7-4668-BE54-9A1E7A4F7556}") = "StrongNumber", "StrongNumber\StrongNumber.csproj", "{C9BCDDC1-A178-4F41-87E2-520102DB83BF}"
EndProject
Project("{2150E333-8FDC-42A3-9474-1A3956D46DE8}") = "Basic syntax exercises", "Basic syntax exercises", "{1D05C5A9-9511-48B6-B35B-9D997FD6E53D}"
EndProject
Project("{9A19103F-16F7-4668-BE54-9A1E7A4F7556}") = "VendingMachine", "VendingMachine\VendingMachine.csproj", "{11340FC6-AAD8-4678-84A9-0F6B0FD2CF42}"
EndProject
Project("{9A19103F-16F7-4668-BE54-9A1E7A4F7556}") = "TriangleOfNumbers", "TriangleOfNumbers\TriangleOfNumbers.csproj", "{02AA2F50-7B00-413A-B641-B4C2985C42E2}"
EndProject
Project("{9A19103F-16F7-4668-BE54-9A1E7A4F7556}") = "PadawanEquipment", "PadawanEquipment\PadawanEquipment.csproj", "{563293A6-5E15-438C-A0AF-66DDC080193D}"
EndProject
Project("{9A19103F-16F7-4668-BE54-9A1E7A4F7556}") = "RageExpenses", "RageExpenses\RageExpenses.csproj", "{91E497A9-21BA-4B35-A59E-0301E982C383}"
EndProject
Project("{2150E333-8FDC-42A3-9474-1A3956D46DE8}") = "Basic Syntax More Exercise", "Basic Syntax More Exercise", "{DFD48370-27B2-42F7-97EC-76985A7BF73B}"
EndProject
Project("{9A19103F-16F7-4668-BE54-9A1E7A4F7556}") = "SortNumbers", "SortNumbers\SortNumbers.csproj", "{AE154B62-BA13-43F0-9328-B28558657000}"
EndProject
Project("{9A19103F-16F7-4668-BE54-9A1E7A4F7556}") = "NameOfLastDigit", "NameOfLastDigit\NameOfLastDigit.csproj", "{D2AABB36-D269-48F4-8054-A1FB0D52238D}"
EndProject
Project("{9A19103F-16F7-4668-BE54-9A1E7A4F7556}") = "GameStore", "GameScore\GameStore.csproj", "{FEBDC6CD-859B-4804-A0FB-DA94E457BB2D}"
EndProject
Project("{9A19103F-16F7-4668-BE54-9A1E7A4F7556}") = "ReverseString", "ReverseString\ReverseString.csproj", "{FD53835F-64ED-4FF4-B27C-7858F921BDE9}"
EndProject
Project("{9A19103F-16F7-4668-BE54-9A1E7A4F7556}") = "Messages", "Messages\Messages.csproj", "{E9413E95-D73E-42C7-B126-E892EF03D599}"
EndProject
Project("{9A19103F-16F7-4668-BE54-9A1E7A4F7556}") = "Integerperations", "Integerperations\Integerperations.csproj", "{017F472D-C060-4CF5-8B85-EACA5FE61B42}"
EndProject
Project("{9A19103F-16F7-4668-BE54-9A1E7A4F7556}") = "SumDigits", "SumDigits\SumDigits.csproj", "{33E4055F-0EBF-4675-9CE5-EC838FD55305}"
EndProject
Project("{9A19103F-16F7-4668-BE54-9A1E7A4F7556}") = "Elevator", "Elevator\Elevator.csproj", "{AF6A44C6-1A2A-47D1-AA32-382653B01935}"
EndProject
Project("{9A19103F-16F7-4668-BE54-9A1E7A4F7556}") = "SumOfChars", "SumOfChars\SumOfChars.csproj", "{361C00B5-BCEB-4F03-92E0-5E30D4972B4F}"
EndProject
Project("{9A19103F-16F7-4668-BE54-9A1E7A4F7556}") = "PrintPartOfASCIITable", "PrintPartOfASCIITable\PrintPartOfASCIITable.csproj", "{357DA88C-54D5-4783-9E26-93E4790FB3B7}"
EndProject
Project("{9A19103F-16F7-4668-BE54-9A1E7A4F7556}") = "TriplesofLatinLetters", "TriplesofLatinLetters\TriplesofLatinLetters.csproj", "{BE5C38EA-644B-4E80-808A-5AFD5A1B46F4}"
EndProject
Project("{9A19103F-16F7-4668-BE54-9A1E7A4F7556}") = "WaterOverflow", "WaterOverflow\WaterOverflow.csproj", "{07E6BABC-BB9E-4DF7-B464-E63303B3A123}"
EndProject
Project("{9A19103F-16F7-4668-BE54-9A1E7A4F7556}") = "BeerKegs", "BeerKegs\BeerKegs.csproj", "{F5F0242D-131C-4D16-AB9B-5D4D5A80DD5C}"
EndProject
Project("{9A19103F-16F7-4668-BE54-9A1E7A4F7556}") = "SpiceMustFlow", "SpiceMustFlow\SpiceMustFlow.csproj", "{235767B3-840A-48F1-BDA1-30849E0D1513}"
EndProject
Project("{2150E333-8FDC-42A3-9474-1A3956D46DE8}") = "Data Types and Variables - Exercise", "Data Types and Variables - Exercise", "{F73FB8B8-35B7-4922-893A-E6C1FEE1A35D}"
EndProject
Project("{9A19103F-16F7-4668-BE54-9A1E7A4F7556}") = "PokeMon", "PokeMon\PokeMon.csproj", "{81FC4D40-6E4E-4494-9569-F9C5B72CC127}"
EndProject
Project("{9A19103F-16F7-4668-BE54-9A1E7A4F7556}") = "SnowBalls", "SnowBalls\SnowBalls.csproj", "{FF32F8B4-EB11-4EA1-8CE4-25E2ED6C90E2}"
EndProject
Project("{2150E333-8FDC-42A3-9474-1A3956D46DE8}") = "Data Types and Variables - More Exercises", "Data Types and Variables - More Exercises", "{3A2EB99F-E2DB-4C61-A66B-6C3640D8618D}"
EndProject
Project("{FAE04EC0-301F-11D3-BF4B-00C04F79EFBC}") = "DataTypeFinder", "DataTypeFinder\DataTypeFinder.csproj", "{B78E9DF7-3EC6-4F59-8E49-DD4281566F5C}"
EndProject
Project("{FAE04EC0-301F-11D3-BF4B-00C04F79EFBC}") = "FromLeftToRight", "FromLeftToRight\FromLeftToRight.csproj", "{5C2C12F1-04F7-47F5-8557-4B704BC47D29}"
EndProject
Project("{FAE04EC0-301F-11D3-BF4B-00C04F79EFBC}") = "FloatingEquality", "FloatingEquality\FloatingEquality.csproj", "{F4871117-30F3-498B-9359-E8375859EF1E}"
EndProject
Project("{FAE04EC0-301F-11D3-BF4B-00C04F79EFBC}") = "DecryptingMessages", "DecryptingMessages\DecryptingMessages.csproj", "{DAD51D28-8C75-429E-967E-BE539D6CA341}"
EndProject
Project("{FAE04EC0-301F-11D3-BF4B-00C04F79EFBC}") = "BalancedBrackets", "BalancedBrackets\BalancedBrackets.csproj", "{479A4597-33C0-4BBF-BD9E-ADF568446866}"
EndProject
Project("{FAE04EC0-301F-11D3-BF4B-00C04F79EFBC}") = "Refactoring-PrimeChecker", "Refactoring-PrimeChecker\Refactoring-PrimeChecker.csproj", "{EDD24EAB-BB68-4EB2-9770-667A320906D5}"
EndProject
Global
	GlobalSection(SolutionConfigurationPlatforms) = preSolution
		Debug|Any CPU = Debug|Any CPU
		Release|Any CPU = Release|Any CPU
	EndGlobalSection
	GlobalSection(ProjectConfigurationPlatforms) = postSolution
		{1B1F27AB-B798-47D9-B55F-BF8AC5C50A20}.Debug|Any CPU.ActiveCfg = Debug|Any CPU
		{1B1F27AB-B798-47D9-B55F-BF8AC5C50A20}.Debug|Any CPU.Build.0 = Debug|Any CPU
		{1B1F27AB-B798-47D9-B55F-BF8AC5C50A20}.Release|Any CPU.ActiveCfg = Release|Any CPU
		{1B1F27AB-B798-47D9-B55F-BF8AC5C50A20}.Release|Any CPU.Build.0 = Release|Any CPU
		{210274F2-8B1F-43EA-988E-25F5D86165D7}.Debug|Any CPU.ActiveCfg = Debug|Any CPU
		{210274F2-8B1F-43EA-988E-25F5D86165D7}.Debug|Any CPU.Build.0 = Debug|Any CPU
		{210274F2-8B1F-43EA-988E-25F5D86165D7}.Release|Any CPU.ActiveCfg = Release|Any CPU
		{210274F2-8B1F-43EA-988E-25F5D86165D7}.Release|Any CPU.Build.0 = Release|Any CPU
		{D0F92D9A-C7DA-4A8D-8948-E02A176C3EA8}.Debug|Any CPU.ActiveCfg = Debug|Any CPU
		{D0F92D9A-C7DA-4A8D-8948-E02A176C3EA8}.Debug|Any CPU.Build.0 = Debug|Any CPU
		{D0F92D9A-C7DA-4A8D-8948-E02A176C3EA8}.Release|Any CPU.ActiveCfg = Release|Any CPU
		{D0F92D9A-C7DA-4A8D-8948-E02A176C3EA8}.Release|Any CPU.Build.0 = Release|Any CPU
		{BC89C73E-AA2B-49EB-96AF-FC9C5281EC50}.Debug|Any CPU.ActiveCfg = Debug|Any CPU
		{BC89C73E-AA2B-49EB-96AF-FC9C5281EC50}.Debug|Any CPU.Build.0 = Debug|Any CPU
		{BC89C73E-AA2B-49EB-96AF-FC9C5281EC50}.Release|Any CPU.ActiveCfg = Release|Any CPU
		{BC89C73E-AA2B-49EB-96AF-FC9C5281EC50}.Release|Any CPU.Build.0 = Release|Any CPU
		{1472F3F1-E66B-49BE-B3F0-EBFE23FCD7D8}.Debug|Any CPU.ActiveCfg = Debug|Any CPU
		{1472F3F1-E66B-49BE-B3F0-EBFE23FCD7D8}.Debug|Any CPU.Build.0 = Debug|Any CPU
		{1472F3F1-E66B-49BE-B3F0-EBFE23FCD7D8}.Release|Any CPU.ActiveCfg = Release|Any CPU
		{1472F3F1-E66B-49BE-B3F0-EBFE23FCD7D8}.Release|Any CPU.Build.0 = Release|Any CPU
		{C9BCDDC1-A178-4F41-87E2-520102DB83BF}.Debug|Any CPU.ActiveCfg = Debug|Any CPU
		{C9BCDDC1-A178-4F41-87E2-520102DB83BF}.Debug|Any CPU.Build.0 = Debug|Any CPU
		{C9BCDDC1-A178-4F41-87E2-520102DB83BF}.Release|Any CPU.ActiveCfg = Release|Any CPU
		{C9BCDDC1-A178-4F41-87E2-520102DB83BF}.Release|Any CPU.Build.0 = Release|Any CPU
		{11340FC6-AAD8-4678-84A9-0F6B0FD2CF42}.Debug|Any CPU.ActiveCfg = Debug|Any CPU
		{11340FC6-AAD8-4678-84A9-0F6B0FD2CF42}.Debug|Any CPU.Build.0 = Debug|Any CPU
		{11340FC6-AAD8-4678-84A9-0F6B0FD2CF42}.Release|Any CPU.ActiveCfg = Release|Any CPU
		{11340FC6-AAD8-4678-84A9-0F6B0FD2CF42}.Release|Any CPU.Build.0 = Release|Any CPU
		{02AA2F50-7B00-413A-B641-B4C2985C42E2}.Debug|Any CPU.ActiveCfg = Debug|Any CPU
		{02AA2F50-7B00-413A-B641-B4C2985C42E2}.Debug|Any CPU.Build.0 = Debug|Any CPU
		{02AA2F50-7B00-413A-B641-B4C2985C42E2}.Release|Any CPU.ActiveCfg = Release|Any CPU
		{02AA2F50-7B00-413A-B641-B4C2985C42E2}.Release|Any CPU.Build.0 = Release|Any CPU
		{563293A6-5E15-438C-A0AF-66DDC080193D}.Debug|Any CPU.ActiveCfg = Debug|Any CPU
		{563293A6-5E15-438C-A0AF-66DDC080193D}.Debug|Any CPU.Build.0 = Debug|Any CPU
		{563293A6-5E15-438C-A0AF-66DDC080193D}.Release|Any CPU.ActiveCfg = Release|Any CPU
		{563293A6-5E15-438C-A0AF-66DDC080193D}.Release|Any CPU.Build.0 = Release|Any CPU
		{91E497A9-21BA-4B35-A59E-0301E982C383}.Debug|Any CPU.ActiveCfg = Debug|Any CPU
		{91E497A9-21BA-4B35-A59E-0301E982C383}.Debug|Any CPU.Build.0 = Debug|Any CPU
		{91E497A9-21BA-4B35-A59E-0301E982C383}.Release|Any CPU.ActiveCfg = Release|Any CPU
		{91E497A9-21BA-4B35-A59E-0301E982C383}.Release|Any CPU.Build.0 = Release|Any CPU
		{AE154B62-BA13-43F0-9328-B28558657000}.Debug|Any CPU.ActiveCfg = Debug|Any CPU
		{AE154B62-BA13-43F0-9328-B28558657000}.Debug|Any CPU.Build.0 = Debug|Any CPU
		{AE154B62-BA13-43F0-9328-B28558657000}.Release|Any CPU.ActiveCfg = Release|Any CPU
		{AE154B62-BA13-43F0-9328-B28558657000}.Release|Any CPU.Build.0 = Release|Any CPU
		{D2AABB36-D269-48F4-8054-A1FB0D52238D}.Debug|Any CPU.ActiveCfg = Debug|Any CPU
		{D2AABB36-D269-48F4-8054-A1FB0D52238D}.Debug|Any CPU.Build.0 = Debug|Any CPU
		{D2AABB36-D269-48F4-8054-A1FB0D52238D}.Release|Any CPU.ActiveCfg = Release|Any CPU
		{D2AABB36-D269-48F4-8054-A1FB0D52238D}.Release|Any CPU.Build.0 = Release|Any CPU
		{FEBDC6CD-859B-4804-A0FB-DA94E457BB2D}.Debug|Any CPU.ActiveCfg = Debug|Any CPU
		{FEBDC6CD-859B-4804-A0FB-DA94E457BB2D}.Debug|Any CPU.Build.0 = Debug|Any CPU
		{FEBDC6CD-859B-4804-A0FB-DA94E457BB2D}.Release|Any CPU.ActiveCfg = Release|Any CPU
		{FEBDC6CD-859B-4804-A0FB-DA94E457BB2D}.Release|Any CPU.Build.0 = Release|Any CPU
		{FD53835F-64ED-4FF4-B27C-7858F921BDE9}.Debug|Any CPU.ActiveCfg = Debug|Any CPU
		{FD53835F-64ED-4FF4-B27C-7858F921BDE9}.Debug|Any CPU.Build.0 = Debug|Any CPU
		{FD53835F-64ED-4FF4-B27C-7858F921BDE9}.Release|Any CPU.ActiveCfg = Release|Any CPU
		{FD53835F-64ED-4FF4-B27C-7858F921BDE9}.Release|Any CPU.Build.0 = Release|Any CPU
		{E9413E95-D73E-42C7-B126-E892EF03D599}.Debug|Any CPU.ActiveCfg = Debug|Any CPU
		{E9413E95-D73E-42C7-B126-E892EF03D599}.Debug|Any CPU.Build.0 = Debug|Any CPU
		{E9413E95-D73E-42C7-B126-E892EF03D599}.Release|Any CPU.ActiveCfg = Release|Any CPU
		{E9413E95-D73E-42C7-B126-E892EF03D599}.Release|Any CPU.Build.0 = Release|Any CPU
		{017F472D-C060-4CF5-8B85-EACA5FE61B42}.Debug|Any CPU.ActiveCfg = Debug|Any CPU
		{017F472D-C060-4CF5-8B85-EACA5FE61B42}.Debug|Any CPU.Build.0 = Debug|Any CPU
		{017F472D-C060-4CF5-8B85-EACA5FE61B42}.Release|Any CPU.ActiveCfg = Release|Any CPU
		{017F472D-C060-4CF5-8B85-EACA5FE61B42}.Release|Any CPU.Build.0 = Release|Any CPU
		{33E4055F-0EBF-4675-9CE5-EC838FD55305}.Debug|Any CPU.ActiveCfg = Debug|Any CPU
		{33E4055F-0EBF-4675-9CE5-EC838FD55305}.Debug|Any CPU.Build.0 = Debug|Any CPU
		{33E4055F-0EBF-4675-9CE5-EC838FD55305}.Release|Any CPU.ActiveCfg = Release|Any CPU
		{33E4055F-0EBF-4675-9CE5-EC838FD55305}.Release|Any CPU.Build.0 = Release|Any CPU
		{AF6A44C6-1A2A-47D1-AA32-382653B01935}.Debug|Any CPU.ActiveCfg = Debug|Any CPU
		{AF6A44C6-1A2A-47D1-AA32-382653B01935}.Debug|Any CPU.Build.0 = Debug|Any CPU
		{AF6A44C6-1A2A-47D1-AA32-382653B01935}.Release|Any CPU.ActiveCfg = Release|Any CPU
		{AF6A44C6-1A2A-47D1-AA32-382653B01935}.Release|Any CPU.Build.0 = Release|Any CPU
		{361C00B5-BCEB-4F03-92E0-5E30D4972B4F}.Debug|Any CPU.ActiveCfg = Debug|Any CPU
		{361C00B5-BCEB-4F03-92E0-5E30D4972B4F}.Debug|Any CPU.Build.0 = Debug|Any CPU
		{361C00B5-BCEB-4F03-92E0-5E30D4972B4F}.Release|Any CPU.ActiveCfg = Release|Any CPU
		{361C00B5-BCEB-4F03-92E0-5E30D4972B4F}.Release|Any CPU.Build.0 = Release|Any CPU
		{357DA88C-54D5-4783-9E26-93E4790FB3B7}.Debug|Any CPU.ActiveCfg = Debug|Any CPU
		{357DA88C-54D5-4783-9E26-93E4790FB3B7}.Debug|Any CPU.Build.0 = Debug|Any CPU
		{357DA88C-54D5-4783-9E26-93E4790FB3B7}.Release|Any CPU.ActiveCfg = Release|Any CPU
		{357DA88C-54D5-4783-9E26-93E4790FB3B7}.Release|Any CPU.Build.0 = Release|Any CPU
		{BE5C38EA-644B-4E80-808A-5AFD5A1B46F4}.Debug|Any CPU.ActiveCfg = Debug|Any CPU
		{BE5C38EA-644B-4E80-808A-5AFD5A1B46F4}.Debug|Any CPU.Build.0 = Debug|Any CPU
		{BE5C38EA-644B-4E80-808A-5AFD5A1B46F4}.Release|Any CPU.ActiveCfg = Release|Any CPU
		{BE5C38EA-644B-4E80-808A-5AFD5A1B46F4}.Release|Any CPU.Build.0 = Release|Any CPU
		{07E6BABC-BB9E-4DF7-B464-E63303B3A123}.Debug|Any CPU.ActiveCfg = Debug|Any CPU
		{07E6BABC-BB9E-4DF7-B464-E63303B3A123}.Debug|Any CPU.Build.0 = Debug|Any CPU
		{07E6BABC-BB9E-4DF7-B464-E63303B3A123}.Release|Any CPU.ActiveCfg = Release|Any CPU
		{07E6BABC-BB9E-4DF7-B464-E63303B3A123}.Release|Any CPU.Build.0 = Release|Any CPU
		{F5F0242D-131C-4D16-AB9B-5D4D5A80DD5C}.Debug|Any CPU.ActiveCfg = Debug|Any CPU
		{F5F0242D-131C-4D16-AB9B-5D4D5A80DD5C}.Debug|Any CPU.Build.0 = Debug|Any CPU
		{F5F0242D-131C-4D16-AB9B-5D4D5A80DD5C}.Release|Any CPU.ActiveCfg = Release|Any CPU
		{F5F0242D-131C-4D16-AB9B-5D4D5A80DD5C}.Release|Any CPU.Build.0 = Release|Any CPU
		{235767B3-840A-48F1-BDA1-30849E0D1513}.Debug|Any CPU.ActiveCfg = Debug|Any CPU
		{235767B3-840A-48F1-BDA1-30849E0D1513}.Debug|Any CPU.Build.0 = Debug|Any CPU
		{235767B3-840A-48F1-BDA1-30849E0D1513}.Release|Any CPU.ActiveCfg = Release|Any CPU
		{235767B3-840A-48F1-BDA1-30849E0D1513}.Release|Any CPU.Build.0 = Release|Any CPU
		{81FC4D40-6E4E-4494-9569-F9C5B72CC127}.Debug|Any CPU.ActiveCfg = Debug|Any CPU
		{81FC4D40-6E4E-4494-9569-F9C5B72CC127}.Debug|Any CPU.Build.0 = Debug|Any CPU
		{81FC4D40-6E4E-4494-9569-F9C5B72CC127}.Release|Any CPU.ActiveCfg = Release|Any CPU
		{81FC4D40-6E4E-4494-9569-F9C5B72CC127}.Release|Any CPU.Build.0 = Release|Any CPU
		{FF32F8B4-EB11-4EA1-8CE4-25E2ED6C90E2}.Debug|Any CPU.ActiveCfg = Debug|Any CPU
		{FF32F8B4-EB11-4EA1-8CE4-25E2ED6C90E2}.Debug|Any CPU.Build.0 = Debug|Any CPU
		{FF32F8B4-EB11-4EA1-8CE4-25E2ED6C90E2}.Release|Any CPU.ActiveCfg = Release|Any CPU
		{FF32F8B4-EB11-4EA1-8CE4-25E2ED6C90E2}.Release|Any CPU.Build.0 = Release|Any CPU
		{B78E9DF7-3EC6-4F59-8E49-DD4281566F5C}.Debug|Any CPU.ActiveCfg = Debug|Any CPU
		{B78E9DF7-3EC6-4F59-8E49-DD4281566F5C}.Debug|Any CPU.Build.0 = Debug|Any CPU
		{B78E9DF7-3EC6-4F59-8E49-DD4281566F5C}.Release|Any CPU.ActiveCfg = Release|Any CPU
		{B78E9DF7-3EC6-4F59-8E49-DD4281566F5C}.Release|Any CPU.Build.0 = Release|Any CPU
		{5C2C12F1-04F7-47F5-8557-4B704BC47D29}.Debug|Any CPU.ActiveCfg = Debug|Any CPU
		{5C2C12F1-04F7-47F5-8557-4B704BC47D29}.Debug|Any CPU.Build.0 = Debug|Any CPU
		{5C2C12F1-04F7-47F5-8557-4B704BC47D29}.Release|Any CPU.ActiveCfg = Release|Any CPU
		{5C2C12F1-04F7-47F5-8557-4B704BC47D29}.Release|Any CPU.Build.0 = Release|Any CPU
		{F4871117-30F3-498B-9359-E8375859EF1E}.Debug|Any CPU.ActiveCfg = Debug|Any CPU
		{F4871117-30F3-498B-9359-E8375859EF1E}.Debug|Any CPU.Build.0 = Debug|Any CPU
		{F4871117-30F3-498B-9359-E8375859EF1E}.Release|Any CPU.ActiveCfg = Release|Any CPU
		{F4871117-30F3-498B-9359-E8375859EF1E}.Release|Any CPU.Build.0 = Release|Any CPU
		{DAD51D28-8C75-429E-967E-BE539D6CA341}.Debug|Any CPU.ActiveCfg = Debug|Any CPU
		{DAD51D28-8C75-429E-967E-BE539D6CA341}.Debug|Any CPU.Build.0 = Debug|Any CPU
		{DAD51D28-8C75-429E-967E-BE539D6CA341}.Release|Any CPU.ActiveCfg = Release|Any CPU
		{DAD51D28-8C75-429E-967E-BE539D6CA341}.Release|Any CPU.Build.0 = Release|Any CPU
		{479A4597-33C0-4BBF-BD9E-ADF568446866}.Debug|Any CPU.ActiveCfg = Debug|Any CPU
		{479A4597-33C0-4BBF-BD9E-ADF568446866}.Debug|Any CPU.Build.0 = Debug|Any CPU
		{479A4597-33C0-4BBF-BD9E-ADF568446866}.Release|Any CPU.ActiveCfg = Release|Any CPU
		{479A4597-33C0-4BBF-BD9E-ADF568446866}.Release|Any CPU.Build.0 = Release|Any CPU
		{EDD24EAB-BB68-4EB2-9770-667A320906D5}.Debug|Any CPU.ActiveCfg = Debug|Any CPU
		{EDD24EAB-BB68-4EB2-9770-667A320906D5}.Debug|Any CPU.Build.0 = Debug|Any CPU
		{EDD24EAB-BB68-4EB2-9770-667A320906D5}.Release|Any CPU.ActiveCfg = Release|Any CPU
		{EDD24EAB-BB68-4EB2-9770-667A320906D5}.Release|Any CPU.Build.0 = Release|Any CPU
	EndGlobalSection
	GlobalSection(SolutionProperties) = preSolution
		HideSolutionNode = FALSE
	EndGlobalSection
	GlobalSection(NestedProjects) = preSolution
		{1B1F27AB-B798-47D9-B55F-BF8AC5C50A20} = {1D05C5A9-9511-48B6-B35B-9D997FD6E53D}
		{210274F2-8B1F-43EA-988E-25F5D86165D7} = {1D05C5A9-9511-48B6-B35B-9D997FD6E53D}
		{D0F92D9A-C7DA-4A8D-8948-E02A176C3EA8} = {1D05C5A9-9511-48B6-B35B-9D997FD6E53D}
		{BC89C73E-AA2B-49EB-96AF-FC9C5281EC50} = {1D05C5A9-9511-48B6-B35B-9D997FD6E53D}
		{1472F3F1-E66B-49BE-B3F0-EBFE23FCD7D8} = {1D05C5A9-9511-48B6-B35B-9D997FD6E53D}
		{C9BCDDC1-A178-4F41-87E2-520102DB83BF} = {1D05C5A9-9511-48B6-B35B-9D997FD6E53D}
		{11340FC6-AAD8-4678-84A9-0F6B0FD2CF42} = {1D05C5A9-9511-48B6-B35B-9D997FD6E53D}
		{02AA2F50-7B00-413A-B641-B4C2985C42E2} = {1D05C5A9-9511-48B6-B35B-9D997FD6E53D}
		{563293A6-5E15-438C-A0AF-66DDC080193D} = {1D05C5A9-9511-48B6-B35B-9D997FD6E53D}
		{91E497A9-21BA-4B35-A59E-0301E982C383} = {1D05C5A9-9511-48B6-B35B-9D997FD6E53D}
		{AE154B62-BA13-43F0-9328-B28558657000} = {DFD48370-27B2-42F7-97EC-76985A7BF73B}
		{D2AABB36-D269-48F4-8054-A1FB0D52238D} = {DFD48370-27B2-42F7-97EC-76985A7BF73B}
		{FEBDC6CD-859B-4804-A0FB-DA94E457BB2D} = {DFD48370-27B2-42F7-97EC-76985A7BF73B}
		{FD53835F-64ED-4FF4-B27C-7858F921BDE9} = {DFD48370-27B2-42F7-97EC-76985A7BF73B}
		{E9413E95-D73E-42C7-B126-E892EF03D599} = {DFD48370-27B2-42F7-97EC-76985A7BF73B}
		{017F472D-C060-4CF5-8B85-EACA5FE61B42} = {F73FB8B8-35B7-4922-893A-E6C1FEE1A35D}
		{33E4055F-0EBF-4675-9CE5-EC838FD55305} = {F73FB8B8-35B7-4922-893A-E6C1FEE1A35D}
		{AF6A44C6-1A2A-47D1-AA32-382653B01935} = {F73FB8B8-35B7-4922-893A-E6C1FEE1A35D}
		{361C00B5-BCEB-4F03-92E0-5E30D4972B4F} = {F73FB8B8-35B7-4922-893A-E6C1FEE1A35D}
		{357DA88C-54D5-4783-9E26-93E4790FB3B7} = {F73FB8B8-35B7-4922-893A-E6C1FEE1A35D}
		{BE5C38EA-644B-4E80-808A-5AFD5A1B46F4} = {F73FB8B8-35B7-4922-893A-E6C1FEE1A35D}
		{07E6BABC-BB9E-4DF7-B464-E63303B3A123} = {F73FB8B8-35B7-4922-893A-E6C1FEE1A35D}
		{F5F0242D-131C-4D16-AB9B-5D4D5A80DD5C} = {F73FB8B8-35B7-4922-893A-E6C1FEE1A35D}
		{235767B3-840A-48F1-BDA1-30849E0D1513} = {F73FB8B8-35B7-4922-893A-E6C1FEE1A35D}
		{81FC4D40-6E4E-4494-9569-F9C5B72CC127} = {F73FB8B8-35B7-4922-893A-E6C1FEE1A35D}
		{FF32F8B4-EB11-4EA1-8CE4-25E2ED6C90E2} = {F73FB8B8-35B7-4922-893A-E6C1FEE1A35D}
		{B78E9DF7-3EC6-4F59-8E49-DD4281566F5C} = {3A2EB99F-E2DB-4C61-A66B-6C3640D8618D}
		{5C2C12F1-04F7-47F5-8557-4B704BC47D29} = {3A2EB99F-E2DB-4C61-A66B-6C3640D8618D}
		{F4871117-30F3-498B-9359-E8375859EF1E} = {3A2EB99F-E2DB-4C61-A66B-6C3640D8618D}
		{DAD51D28-8C75-429E-967E-BE539D6CA341} = {3A2EB99F-E2DB-4C61-A66B-6C3640D8618D}
		{479A4597-33C0-4BBF-BD9E-ADF568446866} = {3A2EB99F-E2DB-4C61-A66B-6C3640D8618D}
		{EDD24EAB-BB68-4EB2-9770-667A320906D5} = {3A2EB99F-E2DB-4C61-A66B-6C3640D8618D}
	EndGlobalSection
	GlobalSection(ExtensibilityGlobals) = postSolution
		SolutionGuid = {6634F764-52E2-4C51-8080-9BB70620DBE5}
	EndGlobalSection
EndGlobal
