
Microsoft Visual Studio Solution File, Format Version 12.00
# Visual Studio Version 16
VisualStudioVersion = 16.0.30611.23
MinimumVisualStudioVersion = 10.0.40219.1
Project("{9A19103F-16F7-4668-BE54-9A1E7A4F7556}") = "ages", "Fundamentals C-Sharp 2021\ages.csproj", "{1B1F27AB-B798-47D9-B55F-BF8AC5C50A20}"
EndProject
Project("{9A19103F-16F7-4668-BE54-9A1E7A4F7556}") = "Division", "Division\Division.csproj", "{210274F2-8B1F-43EA-988E-25F5D86165D7}"
EndProject
Project("{9A19103F-16F7-4668-BE54-9A1E7A4F7556}") = "Vacation", "Vacation\Vacation.csproj", "{D0F92D9A-C7DA-4A8D-8948-E02A176C3EA8}"
EndProject
Project("{9A19103F-16F7-4668-BE54-9A1E7A4F7556}") = "PrintAndSum", "PrintAndSum\PrintAndSum.csproj", "{BC89C73E-AA2B-49EB-96AF-FC9C5281EC50}"
EndProject
Project("{9A19103F-16F7-4668-BE54-9A1E7A4F7556}") = "Login", "Login\Login.csproj", "{1472F3F1-E66B-49BE-B3F0-EBFE23FCD7D8}"
EndProject
Project("{9A19103F-16F7-4668-BE54-9A1E7A4F7556}") = "StrongNumber", "StrongNumber\StrongNumber.csproj", "{C9BCDDC1-A178-4F41-87E2-520102DB83BF}"
EndProject
Project("{2150E333-8FDC-42A3-9474-1A3956D46DE8}") = "Basic syntax exercises", "Basic syntax exercises", "{1D05C5A9-9511-48B6-B35B-9D997FD6E53D}"
EndProject
Project("{9A19103F-16F7-4668-BE54-9A1E7A4F7556}") = "VendingMachine", "VendingMachine\VendingMachine.csproj", "{11340FC6-AAD8-4678-84A9-0F6B0FD2CF42}"
EndProject
Project("{9A19103F-16F7-4668-BE54-9A1E7A4F7556}") = "TriangleOfNumbers", "TriangleOfNumbers\TriangleOfNumbers.csproj", "{02AA2F50-7B00-413A-B641-B4C2985C42E2}"
EndProject
Project("{9A19103F-16F7-4668-BE54-9A1E7A4F7556}") = "PadawanEquipment", "PadawanEquipment\PadawanEquipment.csproj", "{563293A6-5E15-438C-A0AF-66DDC080193D}"
EndProject
Project("{9A19103F-16F7-4668-BE54-9A1E7A4F7556}") = "RageExpenses", "RageExpenses\RageExpenses.csproj", "{91E497A9-21BA-4B35-A59E-0301E982C383}"
EndProject
Project("{2150E333-8FDC-42A3-9474-1A3956D46DE8}") = "Basic Syntax More Exercise", "Basic Syntax More Exercise", "{DFD48370-27B2-42F7-97EC-76985A7BF73B}"
EndProject
Project("{9A19103F-16F7-4668-BE54-9A1E7A4F7556}") = "SortNumbers", "SortNumbers\SortNumbers.csproj", "{AE154B62-BA13-43F0-9328-B28558657000}"
EndProject
Project("{9A19103F-16F7-4668-BE54-9A1E7A4F7556}") = "NameOfLastDigit", "NameOfLastDigit\NameOfLastDigit.csproj", "{D2AABB36-D269-48F4-8054-A1FB0D52238D}"
EndProject
Project("{9A19103F-16F7-4668-BE54-9A1E7A4F7556}") = "GameStore", "GameScore\GameStore.csproj", "{FEBDC6CD-859B-4804-A0FB-DA94E457BB2D}"
EndProject
Project("{9A19103F-16F7-4668-BE54-9A1E7A4F7556}") = "ReverseString", "ReverseString\ReverseString.csproj", "{FD53835F-64ED-4FF4-B27C-7858F921BDE9}"
EndProject
Project("{9A19103F-16F7-4668-BE54-9A1E7A4F7556}") = "Messages", "Messages\Messages.csproj", "{E9413E95-D73E-42C7-B126-E892EF03D599}"
EndProject
Project("{9A19103F-16F7-4668-BE54-9A1E7A4F7556}") = "Integerperations", "Integerperations\Integerperations.csproj", "{017F472D-C060-4CF5-8B85-EACA5FE61B42}"
EndProject
Project("{9A19103F-16F7-4668-BE54-9A1E7A4F7556}") = "SumDigits", "SumDigits\SumDigits.csproj", "{33E4055F-0EBF-4675-9CE5-EC838FD55305}"
EndProject
Project("{9A19103F-16F7-4668-BE54-9A1E7A4F7556}") = "Elevator", "Elevator\Elevator.csproj", "{AF6A44C6-1A2A-47D1-AA32-382653B01935}"
EndProject
Project("{9A19103F-16F7-4668-BE54-9A1E7A4F7556}") = "SumOfChars", "SumOfChars\SumOfChars.csproj", "{361C00B5-BCEB-4F03-92E0-5E30D4972B4F}"
EndProject
Project("{9A19103F-16F7-4668-BE54-9A1E7A4F7556}") = "PrintPartOfASCIITable", "PrintPartOfASCIITable\PrintPartOfASCIITable.csproj", "{357DA88C-54D5-4783-9E26-93E4790FB3B7}"
EndProject
Project("{9A19103F-16F7-4668-BE54-9A1E7A4F7556}") = "TriplesofLatinLetters", "TriplesofLatinLetters\TriplesofLatinLetters.csproj", "{BE5C38EA-644B-4E80-808A-5AFD5A1B46F4}"
EndProject
Project("{9A19103F-16F7-4668-BE54-9A1E7A4F7556}") = "WaterOverflow", "WaterOverflow\WaterOverflow.csproj", "{07E6BABC-BB9E-4DF7-B464-E63303B3A123}"
EndProject
Project("{9A19103F-16F7-4668-BE54-9A1E7A4F7556}") = "BeerKegs", "BeerKegs\BeerKegs.csproj", "{F5F0242D-131C-4D16-AB9B-5D4D5A80DD5C}"
EndProject
Project("{9A19103F-16F7-4668-BE54-9A1E7A4F7556}") = "SpiceMustFlow", "SpiceMustFlow\SpiceMustFlow.csproj", "{235767B3-840A-48F1-BDA1-30849E0D1513}"
EndProject
Project("{2150E333-8FDC-42A3-9474-1A3956D46DE8}") = "Data Types and Variables - Exercise", "Data Types and Variables - Exercise", "{F73FB8B8-35B7-4922-893A-E6C1FEE1A35D}"
EndProject
Project("{9A19103F-16F7-4668-BE54-9A1E7A4F7556}") = "PokeMon", "PokeMon\PokeMon.csproj", "{81FC4D40-6E4E-4494-9569-F9C5B72CC127}"
EndProject
Project("{9A19103F-16F7-4668-BE54-9A1E7A4F7556}") = "SnowBalls", "SnowBalls\SnowBalls.csproj", "{FF32F8B4-EB11-4EA1-8CE4-25E2ED6C90E2}"
EndProject
Project("{2150E333-8FDC-42A3-9474-1A3956D46DE8}") = "Data Types and Variables - More Exercises", "Data Types and Variables - More Exercises", "{3A2EB99F-E2DB-4C61-A66B-6C3640D8618D}"
EndProject
Project("{9A19103F-16F7-4668-BE54-9A1E7A4F7556}") = "DataTypeFinder", "DataTypeFinder\DataTypeFinder.csproj", "{B78E9DF7-3EC6-4F59-8E49-DD4281566F5C}"
EndProject
Project("{9A19103F-16F7-4668-BE54-9A1E7A4F7556}") = "FromLeftToRight", "FromLeftToRight\FromLeftToRight.csproj", "{5C2C12F1-04F7-47F5-8557-4B704BC47D29}"
EndProject
Project("{9A19103F-16F7-4668-BE54-9A1E7A4F7556}") = "FloatingEquality", "FloatingEquality\FloatingEquality.csproj", "{F4871117-30F3-498B-9359-E8375859EF1E}"
EndProject
Project("{9A19103F-16F7-4668-BE54-9A1E7A4F7556}") = "DecryptingMessages", "DecryptingMessages\DecryptingMessages.csproj", "{DAD51D28-8C75-429E-967E-BE539D6CA341}"
EndProject
Project("{9A19103F-16F7-4668-BE54-9A1E7A4F7556}") = "BalancedBrackets", "BalancedBrackets\BalancedBrackets.csproj", "{479A4597-33C0-4BBF-BD9E-ADF568446866}"
EndProject
Project("{9A19103F-16F7-4668-BE54-9A1E7A4F7556}") = "Refactoring-PrimeChecker", "Refactoring-PrimeChecker\Refactoring-PrimeChecker.csproj", "{EDD24EAB-BB68-4EB2-9770-667A320906D5}"
EndProject
Project("{9A19103F-16F7-4668-BE54-9A1E7A4F7556}") = "DayOfWeek", "DayOfWeek\DayOfWeek.csproj", "{2712B25F-3E51-4C45-BC6D-08BF4CD2BCDC}"
EndProject
Project("{9A19103F-16F7-4668-BE54-9A1E7A4F7556}") = "PrintNumbersReversed", "PrintNumbersReversed\PrintNumbersReversed.csproj", "{79B9F650-7DF7-4CD2-9C85-ABF39435A49D}"
EndProject
Project("{9A19103F-16F7-4668-BE54-9A1E7A4F7556}") = "RoundingNumbers", "RoundingNumbers\RoundingNumbers.csproj", "{A547CA9F-8F63-432F-A394-398967494130}"
EndProject
Project("{9A19103F-16F7-4668-BE54-9A1E7A4F7556}") = "ReverseArrayOfStrings", "ReverseArrayOfStrings\ReverseArrayOfStrings.csproj", "{91CD4BD7-9B10-4C80-AF47-BD2101EA0173}"
EndProject
Project("{9A19103F-16F7-4668-BE54-9A1E7A4F7556}") = "SumOfEvenNumbers", "SumOfEvenNumbers\SumOfEvenNumbers.csproj", "{8E4A24B5-3F2D-4D3E-B5C5-C1CE3D40BE9E}"
EndProject
Project("{9A19103F-16F7-4668-BE54-9A1E7A4F7556}") = "EvenAndOddSubstraction", "EvenAndOddSubstraction\EvenAndOddSubstraction.csproj", "{E74232D5-CADC-49F2-AE97-20BA268F799A}"
EndProject
Project("{9A19103F-16F7-4668-BE54-9A1E7A4F7556}") = "EquaArrays", "EquaArrays\EquaArrays.csproj", "{6826BE8B-8A0E-432F-AFA0-49BD03F06E46}"
EndProject
Project("{9A19103F-16F7-4668-BE54-9A1E7A4F7556}") = "CondenseArrayToNumber", "CondenseArrayToNumber\CondenseArrayToNumber.csproj", "{3F9E1E5C-1AF0-4313-A309-A72CA94BF956}"
EndProject
Project("{2150E333-8FDC-42A3-9474-1A3956D46DE8}") = "Arrays Lab", "Arrays Lab", "{11B63446-87AC-4946-8F6B-42A0107D9055}"
EndProject
Project("{2150E333-8FDC-42A3-9474-1A3956D46DE8}") = "Arrays Exercises", "Arrays Exercises", "{3F72CE9C-F410-4418-B9C7-014C0F8E3CF9}"
EndProject
Project("{9A19103F-16F7-4668-BE54-9A1E7A4F7556}") = "Train", "Train\Train.csproj", "{6F2DC28E-54B3-44D2-82F5-F61A86EE0C63}"
EndProject
Project("{9A19103F-16F7-4668-BE54-9A1E7A4F7556}") = "CommonElements", "CommonElements\CommonElements.csproj", "{EDF8C5EE-CEA2-48A3-89F6-3455A9216352}"
EndProject
Project("{9A19103F-16F7-4668-BE54-9A1E7A4F7556}") = "ZigZagArrays", "ZigZagArrays\ZigZagArrays.csproj", "{E27E73C2-F7F2-44F8-9D75-0A0A4D3D2213}"
EndProject
Project("{9A19103F-16F7-4668-BE54-9A1E7A4F7556}") = "ArrayRotation", "ArrayRotation\ArrayRotation.csproj", "{CC4B9773-444C-4C7F-9990-3BFCCC805B50}"
EndProject
Project("{9A19103F-16F7-4668-BE54-9A1E7A4F7556}") = "TopIntegers", "TopIntegers\TopIntegers.csproj", "{50EDBF3B-5AFA-42FD-AB47-47766D6EFABB}"
EndProject
Project("{9A19103F-16F7-4668-BE54-9A1E7A4F7556}") = "EqualSums", "EqualSums\EqualSums.csproj", "{07DB9437-5E08-4EC9-B792-ADEA0D065721}"
EndProject
Project("{9A19103F-16F7-4668-BE54-9A1E7A4F7556}") = "MaxSequenceOfEqualElements", "MaxSequenceOfEqualElements\MaxSequenceOfEqualElements.csproj", "{804B1CD7-A9E9-4B72-A344-A38DCDF962F9}"
EndProject
Project("{9A19103F-16F7-4668-BE54-9A1E7A4F7556}") = "MagicSum", "MagicSum\MagicSum.csproj", "{BE95334F-57CA-413C-ADF6-862C9E536453}"
EndProject
Project("{9A19103F-16F7-4668-BE54-9A1E7A4F7556}") = "KaminoFactory", "KaminoFactory\KaminoFactory.csproj", "{C8F1DB74-C0DB-45BD-B42D-F6047AAD57A5}"
EndProject
Project("{9A19103F-16F7-4668-BE54-9A1E7A4F7556}") = "SignOfIntegerNumbers", "SignOfIntegerNumbers\SignOfIntegerNumbers.csproj", "{FC873B8E-8197-49F1-8059-5C242C1B8420}"
EndProject
Project("{9A19103F-16F7-4668-BE54-9A1E7A4F7556}") = "Grades", "Grades\Grades.csproj", "{8D8162A8-68BF-4D6A-98E3-ABB19E973E56}"
EndProject
Project("{9A19103F-16F7-4668-BE54-9A1E7A4F7556}") = "Calculation", "Calculation\Calculation.csproj", "{0230FE07-84BF-400F-A6DF-33E892CB3CBF}"
EndProject
Project("{9A19103F-16F7-4668-BE54-9A1E7A4F7556}") = "PrintTriangle", "PrintTriangle\PrintTriangle.csproj", "{A0391D5D-012F-4C14-9627-4D3122A19EBD}"
EndProject
Project("{9A19103F-16F7-4668-BE54-9A1E7A4F7556}") = "Orders", "Orders\Orders.csproj", "{E6401629-7E7F-4DB8-A6E0-BE35C45A16C0}"
EndProject
Project("{9A19103F-16F7-4668-BE54-9A1E7A4F7556}") = "RectangleArea", "RectangleArea\RectangleArea.csproj", "{ECB5551A-3536-4C62-A93A-7F2DCC1FCF3A}"
EndProject
Project("{9A19103F-16F7-4668-BE54-9A1E7A4F7556}") = "RepeatStrings", "RepeatStrings\RepeatStrings.csproj", "{9BF1C537-35AB-479C-ACB4-A91169DBB524}"
EndProject
Project("{9A19103F-16F7-4668-BE54-9A1E7A4F7556}") = "MathPower", "MathPower\MathPower.csproj", "{8DFBB5B7-5B15-4BA5-813E-5899AED6DB15}"
EndProject
Project("{9A19103F-16F7-4668-BE54-9A1E7A4F7556}") = "GreaterOfTwoValues", "GreaterOfTwoValues\GreaterOfTwoValues.csproj", "{90DD7736-4431-4D64-A156-717D94113F44}"
EndProject
Project("{9A19103F-16F7-4668-BE54-9A1E7A4F7556}") = "MultiplyEvenByOdds", "MultiplyEvenByOdds\MultiplyEvenByOdds.csproj", "{A838EE62-4996-4018-87C4-5C26F5989295}"
EndProject
Project("{9A19103F-16F7-4668-BE54-9A1E7A4F7556}") = "MathOperations", "MathOperations\MathOperations.csproj", "{DE8559B4-30FF-4F2D-81E5-75D342E11864}"
EndProject
Project("{2150E333-8FDC-42A3-9474-1A3956D46DE8}") = "Methods-Lab", "Methods-Lab", "{3BFE9418-87B2-401E-BDB4-5D2862279F09}"
EndProject
Project("{9A19103F-16F7-4668-BE54-9A1E7A4F7556}") = "SmallestOfThreeNumbers", "SmallestOfThreeNumbers\SmallestOfThreeNumbers.csproj", "{E671C857-0D0E-4006-9E7F-AD7FC5110A1F}"
EndProject
Project("{9A19103F-16F7-4668-BE54-9A1E7A4F7556}") = "VowelsCount", "VowelsCount\VowelsCount.csproj", "{46F2E33D-ABF7-42B6-AB81-6E5CBEB4B69A}"
EndProject
Project("{9A19103F-16F7-4668-BE54-9A1E7A4F7556}") = "CharactersInRange", "CharactersInRange\CharactersInRange.csproj", "{F082C432-7F71-4462-A831-9CBB25C14470}"
EndProject
Project("{9A19103F-16F7-4668-BE54-9A1E7A4F7556}") = "PasswordValidator", "PasswordValidator\PasswordValidator.csproj", "{83501F42-5F84-406B-854A-E982415CAE5C}"
EndProject
Project("{2150E333-8FDC-42A3-9474-1A3956D46DE8}") = "Methods-exercises", "Methods-exercises", "{6FFEC98A-C782-4308-9848-B5FE3F077F8A}"
EndProject
Project("{9A19103F-16F7-4668-BE54-9A1E7A4F7556}") = "AddAndSubstract", "AddAndSubstract\AddAndSubstract.csproj", "{7032AECA-F8C9-4A80-9DFA-FF6A719D610F}"
EndProject
Project("{9A19103F-16F7-4668-BE54-9A1E7A4F7556}") = "PrintMidChar", "PrintMidChar\PrintMidChar.csproj", "{05DEFC97-598A-4DE9-B9E3-018086F90CF0}"
EndProject
Project("{9A19103F-16F7-4668-BE54-9A1E7A4F7556}") = "NxNMatrix", "NxNMatrix\NxNMatrix.csproj", "{CF67CDEA-7783-43F8-ADEF-B8464090CB87}"
EndProject
Project("{9A19103F-16F7-4668-BE54-9A1E7A4F7556}") = "FactorialDivision", "FactorialDivision\FactorialDivision.csproj", "{9B56E9A6-745E-43D3-8F79-A2BD85BE4C14}"
EndProject
Project("{9A19103F-16F7-4668-BE54-9A1E7A4F7556}") = "PalindromeIntegers", "PalindromeIntegers\PalindromeIntegers.csproj", "{483294F0-0B8E-444E-BA33-2CDE1599BFC8}"
EndProject
Project("{9A19103F-16F7-4668-BE54-9A1E7A4F7556}") = "TopNumber", "TopNumber\TopNumber.csproj", "{EC99E4D9-CF94-45DE-9DB4-00A65E1B62E9}"
EndProject
Project("{9A19103F-16F7-4668-BE54-9A1E7A4F7556}") = "ArrayManipulation", "ArrayManipulation\ArrayManipulation.csproj", "{26D64DF4-88C6-4DAD-B18B-9F71B66D3799}"
EndProject
Project("{9A19103F-16F7-4668-BE54-9A1E7A4F7556}") = "DataTypes", "DataTypes\DataTypes.csproj", "{0059F7BF-39A3-471C-B383-7DACCE4519D6}"
EndProject
Project("{9A19103F-16F7-4668-BE54-9A1E7A4F7556}") = "CenterPoint", "CenterPoint\CenterPoint.csproj", "{289459AB-F619-4A42-9C33-216D8764A4A0}"
EndProject
Project("{9A19103F-16F7-4668-BE54-9A1E7A4F7556}") = "LongerLine", "LongerLine\LongerLine.csproj", "{857CF757-2BFB-4ED5-A54C-F3BE9312D10D}"
EndProject
Project("{9A19103F-16F7-4668-BE54-9A1E7A4F7556}") = "MultiplicationSign", "MultiplicationSign\MultiplicationSign.csproj", "{1CE4861D-5543-43B1-938C-C125FDB1810F}"
EndProject
Project("{9A19103F-16F7-4668-BE54-9A1E7A4F7556}") = "Tribunacci", "Tribunacci\Tribunacci.csproj", "{B962E050-61D9-4DB5-B257-2B5D7EDC2078}"
EndProject
Project("{9A19103F-16F7-4668-BE54-9A1E7A4F7556}") = "SumAdjacentEqualNumbers", "SumAdjacentEqualNumbers\SumAdjacentEqualNumbers.csproj", "{04DA936F-A23E-4ECF-98FA-F3929E48D9FF}"
EndProject
Project("{9A19103F-16F7-4668-BE54-9A1E7A4F7556}") = "GausssTrick", "GausssTrick\GausssTrick.csproj", "{617276D9-FE12-4EF2-AD63-B80F600AE476}"
EndProject
Project("{9A19103F-16F7-4668-BE54-9A1E7A4F7556}") = "MerginLists", "MerginLists\MerginLists.csproj", "{56169A59-AEED-4FE1-9395-2B80C5EA08EB}"
EndProject
Project("{9A19103F-16F7-4668-BE54-9A1E7A4F7556}") = "ListOfProducts", "ListOfProducts\ListOfProducts.csproj", "{65A3066C-C66A-4F38-8CAB-095B39EFF858}"
EndProject
Project("{9A19103F-16F7-4668-BE54-9A1E7A4F7556}") = "RemoveNegativeAndReverse", "RemoveNegativeAndReverse\RemoveNegativeAndReverse.csproj", "{B3478B97-48B0-4410-AA62-4C1A7C58CD17}"
EndProject
Project("{9A19103F-16F7-4668-BE54-9A1E7A4F7556}") = "ListManioulationBasic", "ListManioulationBasic\ListManioulationBasic.csproj", "{BCF96CBD-A02E-487B-AC89-132DDC9B6ECF}"
EndProject
Project("{FAE04EC0-301F-11D3-BF4B-00C04F79EFBC}") = "ListManipulationAdvanced", "ListManipulationAdvanced\ListManipulationAdvanced.csproj", "{43CDC779-A4A8-4AC1-988D-4E195A1A5965}"
EndProject
Project("{2150E333-8FDC-42A3-9474-1A3956D46DE8}") = "List-Lab", "List-Lab", "{DE6E86A8-68CF-413C-BC43-CB1C280AB314}"
EndProject
Global
	GlobalSection(SolutionConfigurationPlatforms) = preSolution
		Debug|Any CPU = Debug|Any CPU
		Release|Any CPU = Release|Any CPU
	EndGlobalSection
	GlobalSection(ProjectConfigurationPlatforms) = postSolution
		{1B1F27AB-B798-47D9-B55F-BF8AC5C50A20}.Debug|Any CPU.ActiveCfg = Debug|Any CPU
		{1B1F27AB-B798-47D9-B55F-BF8AC5C50A20}.Debug|Any CPU.Build.0 = Debug|Any CPU
		{1B1F27AB-B798-47D9-B55F-BF8AC5C50A20}.Release|Any CPU.ActiveCfg = Release|Any CPU
		{1B1F27AB-B798-47D9-B55F-BF8AC5C50A20}.Release|Any CPU.Build.0 = Release|Any CPU
		{210274F2-8B1F-43EA-988E-25F5D86165D7}.Debug|Any CPU.ActiveCfg = Debug|Any CPU
		{210274F2-8B1F-43EA-988E-25F5D86165D7}.Debug|Any CPU.Build.0 = Debug|Any CPU
		{210274F2-8B1F-43EA-988E-25F5D86165D7}.Release|Any CPU.ActiveCfg = Release|Any CPU
		{210274F2-8B1F-43EA-988E-25F5D86165D7}.Release|Any CPU.Build.0 = Release|Any CPU
		{D0F92D9A-C7DA-4A8D-8948-E02A176C3EA8}.Debug|Any CPU.ActiveCfg = Debug|Any CPU
		{D0F92D9A-C7DA-4A8D-8948-E02A176C3EA8}.Debug|Any CPU.Build.0 = Debug|Any CPU
		{D0F92D9A-C7DA-4A8D-8948-E02A176C3EA8}.Release|Any CPU.ActiveCfg = Release|Any CPU
		{D0F92D9A-C7DA-4A8D-8948-E02A176C3EA8}.Release|Any CPU.Build.0 = Release|Any CPU
		{BC89C73E-AA2B-49EB-96AF-FC9C5281EC50}.Debug|Any CPU.ActiveCfg = Debug|Any CPU
		{BC89C73E-AA2B-49EB-96AF-FC9C5281EC50}.Debug|Any CPU.Build.0 = Debug|Any CPU
		{BC89C73E-AA2B-49EB-96AF-FC9C5281EC50}.Release|Any CPU.ActiveCfg = Release|Any CPU
		{BC89C73E-AA2B-49EB-96AF-FC9C5281EC50}.Release|Any CPU.Build.0 = Release|Any CPU
		{1472F3F1-E66B-49BE-B3F0-EBFE23FCD7D8}.Debug|Any CPU.ActiveCfg = Debug|Any CPU
		{1472F3F1-E66B-49BE-B3F0-EBFE23FCD7D8}.Debug|Any CPU.Build.0 = Debug|Any CPU
		{1472F3F1-E66B-49BE-B3F0-EBFE23FCD7D8}.Release|Any CPU.ActiveCfg = Release|Any CPU
		{1472F3F1-E66B-49BE-B3F0-EBFE23FCD7D8}.Release|Any CPU.Build.0 = Release|Any CPU
		{C9BCDDC1-A178-4F41-87E2-520102DB83BF}.Debug|Any CPU.ActiveCfg = Debug|Any CPU
		{C9BCDDC1-A178-4F41-87E2-520102DB83BF}.Debug|Any CPU.Build.0 = Debug|Any CPU
		{C9BCDDC1-A178-4F41-87E2-520102DB83BF}.Release|Any CPU.ActiveCfg = Release|Any CPU
		{C9BCDDC1-A178-4F41-87E2-520102DB83BF}.Release|Any CPU.Build.0 = Release|Any CPU
		{11340FC6-AAD8-4678-84A9-0F6B0FD2CF42}.Debug|Any CPU.ActiveCfg = Debug|Any CPU
		{11340FC6-AAD8-4678-84A9-0F6B0FD2CF42}.Debug|Any CPU.Build.0 = Debug|Any CPU
		{11340FC6-AAD8-4678-84A9-0F6B0FD2CF42}.Release|Any CPU.ActiveCfg = Release|Any CPU
		{11340FC6-AAD8-4678-84A9-0F6B0FD2CF42}.Release|Any CPU.Build.0 = Release|Any CPU
		{02AA2F50-7B00-413A-B641-B4C2985C42E2}.Debug|Any CPU.ActiveCfg = Debug|Any CPU
		{02AA2F50-7B00-413A-B641-B4C2985C42E2}.Debug|Any CPU.Build.0 = Debug|Any CPU
		{02AA2F50-7B00-413A-B641-B4C2985C42E2}.Release|Any CPU.ActiveCfg = Release|Any CPU
		{02AA2F50-7B00-413A-B641-B4C2985C42E2}.Release|Any CPU.Build.0 = Release|Any CPU
		{563293A6-5E15-438C-A0AF-66DDC080193D}.Debug|Any CPU.ActiveCfg = Debug|Any CPU
		{563293A6-5E15-438C-A0AF-66DDC080193D}.Debug|Any CPU.Build.0 = Debug|Any CPU
		{563293A6-5E15-438C-A0AF-66DDC080193D}.Release|Any CPU.ActiveCfg = Release|Any CPU
		{563293A6-5E15-438C-A0AF-66DDC080193D}.Release|Any CPU.Build.0 = Release|Any CPU
		{91E497A9-21BA-4B35-A59E-0301E982C383}.Debug|Any CPU.ActiveCfg = Debug|Any CPU
		{91E497A9-21BA-4B35-A59E-0301E982C383}.Debug|Any CPU.Build.0 = Debug|Any CPU
		{91E497A9-21BA-4B35-A59E-0301E982C383}.Release|Any CPU.ActiveCfg = Release|Any CPU
		{91E497A9-21BA-4B35-A59E-0301E982C383}.Release|Any CPU.Build.0 = Release|Any CPU
		{AE154B62-BA13-43F0-9328-B28558657000}.Debug|Any CPU.ActiveCfg = Debug|Any CPU
		{AE154B62-BA13-43F0-9328-B28558657000}.Debug|Any CPU.Build.0 = Debug|Any CPU
		{AE154B62-BA13-43F0-9328-B28558657000}.Release|Any CPU.ActiveCfg = Release|Any CPU
		{AE154B62-BA13-43F0-9328-B28558657000}.Release|Any CPU.Build.0 = Release|Any CPU
		{D2AABB36-D269-48F4-8054-A1FB0D52238D}.Debug|Any CPU.ActiveCfg = Debug|Any CPU
		{D2AABB36-D269-48F4-8054-A1FB0D52238D}.Debug|Any CPU.Build.0 = Debug|Any CPU
		{D2AABB36-D269-48F4-8054-A1FB0D52238D}.Release|Any CPU.ActiveCfg = Release|Any CPU
		{D2AABB36-D269-48F4-8054-A1FB0D52238D}.Release|Any CPU.Build.0 = Release|Any CPU
		{FEBDC6CD-859B-4804-A0FB-DA94E457BB2D}.Debug|Any CPU.ActiveCfg = Debug|Any CPU
		{FEBDC6CD-859B-4804-A0FB-DA94E457BB2D}.Debug|Any CPU.Build.0 = Debug|Any CPU
		{FEBDC6CD-859B-4804-A0FB-DA94E457BB2D}.Release|Any CPU.ActiveCfg = Release|Any CPU
		{FEBDC6CD-859B-4804-A0FB-DA94E457BB2D}.Release|Any CPU.Build.0 = Release|Any CPU
		{FD53835F-64ED-4FF4-B27C-7858F921BDE9}.Debug|Any CPU.ActiveCfg = Debug|Any CPU
		{FD53835F-64ED-4FF4-B27C-7858F921BDE9}.Debug|Any CPU.Build.0 = Debug|Any CPU
		{FD53835F-64ED-4FF4-B27C-7858F921BDE9}.Release|Any CPU.ActiveCfg = Release|Any CPU
		{FD53835F-64ED-4FF4-B27C-7858F921BDE9}.Release|Any CPU.Build.0 = Release|Any CPU
		{E9413E95-D73E-42C7-B126-E892EF03D599}.Debug|Any CPU.ActiveCfg = Debug|Any CPU
		{E9413E95-D73E-42C7-B126-E892EF03D599}.Debug|Any CPU.Build.0 = Debug|Any CPU
		{E9413E95-D73E-42C7-B126-E892EF03D599}.Release|Any CPU.ActiveCfg = Release|Any CPU
		{E9413E95-D73E-42C7-B126-E892EF03D599}.Release|Any CPU.Build.0 = Release|Any CPU
		{017F472D-C060-4CF5-8B85-EACA5FE61B42}.Debug|Any CPU.ActiveCfg = Debug|Any CPU
		{017F472D-C060-4CF5-8B85-EACA5FE61B42}.Debug|Any CPU.Build.0 = Debug|Any CPU
		{017F472D-C060-4CF5-8B85-EACA5FE61B42}.Release|Any CPU.ActiveCfg = Release|Any CPU
		{017F472D-C060-4CF5-8B85-EACA5FE61B42}.Release|Any CPU.Build.0 = Release|Any CPU
		{33E4055F-0EBF-4675-9CE5-EC838FD55305}.Debug|Any CPU.ActiveCfg = Debug|Any CPU
		{33E4055F-0EBF-4675-9CE5-EC838FD55305}.Debug|Any CPU.Build.0 = Debug|Any CPU
		{33E4055F-0EBF-4675-9CE5-EC838FD55305}.Release|Any CPU.ActiveCfg = Release|Any CPU
		{33E4055F-0EBF-4675-9CE5-EC838FD55305}.Release|Any CPU.Build.0 = Release|Any CPU
		{AF6A44C6-1A2A-47D1-AA32-382653B01935}.Debug|Any CPU.ActiveCfg = Debug|Any CPU
		{AF6A44C6-1A2A-47D1-AA32-382653B01935}.Debug|Any CPU.Build.0 = Debug|Any CPU
		{AF6A44C6-1A2A-47D1-AA32-382653B01935}.Release|Any CPU.ActiveCfg = Release|Any CPU
		{AF6A44C6-1A2A-47D1-AA32-382653B01935}.Release|Any CPU.Build.0 = Release|Any CPU
		{361C00B5-BCEB-4F03-92E0-5E30D4972B4F}.Debug|Any CPU.ActiveCfg = Debug|Any CPU
		{361C00B5-BCEB-4F03-92E0-5E30D4972B4F}.Debug|Any CPU.Build.0 = Debug|Any CPU
		{361C00B5-BCEB-4F03-92E0-5E30D4972B4F}.Release|Any CPU.ActiveCfg = Release|Any CPU
		{361C00B5-BCEB-4F03-92E0-5E30D4972B4F}.Release|Any CPU.Build.0 = Release|Any CPU
		{357DA88C-54D5-4783-9E26-93E4790FB3B7}.Debug|Any CPU.ActiveCfg = Debug|Any CPU
		{357DA88C-54D5-4783-9E26-93E4790FB3B7}.Debug|Any CPU.Build.0 = Debug|Any CPU
		{357DA88C-54D5-4783-9E26-93E4790FB3B7}.Release|Any CPU.ActiveCfg = Release|Any CPU
		{357DA88C-54D5-4783-9E26-93E4790FB3B7}.Release|Any CPU.Build.0 = Release|Any CPU
		{BE5C38EA-644B-4E80-808A-5AFD5A1B46F4}.Debug|Any CPU.ActiveCfg = Debug|Any CPU
		{BE5C38EA-644B-4E80-808A-5AFD5A1B46F4}.Debug|Any CPU.Build.0 = Debug|Any CPU
		{BE5C38EA-644B-4E80-808A-5AFD5A1B46F4}.Release|Any CPU.ActiveCfg = Release|Any CPU
		{BE5C38EA-644B-4E80-808A-5AFD5A1B46F4}.Release|Any CPU.Build.0 = Release|Any CPU
		{07E6BABC-BB9E-4DF7-B464-E63303B3A123}.Debug|Any CPU.ActiveCfg = Debug|Any CPU
		{07E6BABC-BB9E-4DF7-B464-E63303B3A123}.Debug|Any CPU.Build.0 = Debug|Any CPU
		{07E6BABC-BB9E-4DF7-B464-E63303B3A123}.Release|Any CPU.ActiveCfg = Release|Any CPU
		{07E6BABC-BB9E-4DF7-B464-E63303B3A123}.Release|Any CPU.Build.0 = Release|Any CPU
		{F5F0242D-131C-4D16-AB9B-5D4D5A80DD5C}.Debug|Any CPU.ActiveCfg = Debug|Any CPU
		{F5F0242D-131C-4D16-AB9B-5D4D5A80DD5C}.Debug|Any CPU.Build.0 = Debug|Any CPU
		{F5F0242D-131C-4D16-AB9B-5D4D5A80DD5C}.Release|Any CPU.ActiveCfg = Release|Any CPU
		{F5F0242D-131C-4D16-AB9B-5D4D5A80DD5C}.Release|Any CPU.Build.0 = Release|Any CPU
		{235767B3-840A-48F1-BDA1-30849E0D1513}.Debug|Any CPU.ActiveCfg = Debug|Any CPU
		{235767B3-840A-48F1-BDA1-30849E0D1513}.Debug|Any CPU.Build.0 = Debug|Any CPU
		{235767B3-840A-48F1-BDA1-30849E0D1513}.Release|Any CPU.ActiveCfg = Release|Any CPU
		{235767B3-840A-48F1-BDA1-30849E0D1513}.Release|Any CPU.Build.0 = Release|Any CPU
		{81FC4D40-6E4E-4494-9569-F9C5B72CC127}.Debug|Any CPU.ActiveCfg = Debug|Any CPU
		{81FC4D40-6E4E-4494-9569-F9C5B72CC127}.Debug|Any CPU.Build.0 = Debug|Any CPU
		{81FC4D40-6E4E-4494-9569-F9C5B72CC127}.Release|Any CPU.ActiveCfg = Release|Any CPU
		{81FC4D40-6E4E-4494-9569-F9C5B72CC127}.Release|Any CPU.Build.0 = Release|Any CPU
		{FF32F8B4-EB11-4EA1-8CE4-25E2ED6C90E2}.Debug|Any CPU.ActiveCfg = Debug|Any CPU
		{FF32F8B4-EB11-4EA1-8CE4-25E2ED6C90E2}.Debug|Any CPU.Build.0 = Debug|Any CPU
		{FF32F8B4-EB11-4EA1-8CE4-25E2ED6C90E2}.Release|Any CPU.ActiveCfg = Release|Any CPU
		{FF32F8B4-EB11-4EA1-8CE4-25E2ED6C90E2}.Release|Any CPU.Build.0 = Release|Any CPU
		{B78E9DF7-3EC6-4F59-8E49-DD4281566F5C}.Debug|Any CPU.ActiveCfg = Debug|Any CPU
		{B78E9DF7-3EC6-4F59-8E49-DD4281566F5C}.Debug|Any CPU.Build.0 = Debug|Any CPU
		{B78E9DF7-3EC6-4F59-8E49-DD4281566F5C}.Release|Any CPU.ActiveCfg = Release|Any CPU
		{B78E9DF7-3EC6-4F59-8E49-DD4281566F5C}.Release|Any CPU.Build.0 = Release|Any CPU
		{5C2C12F1-04F7-47F5-8557-4B704BC47D29}.Debug|Any CPU.ActiveCfg = Debug|Any CPU
		{5C2C12F1-04F7-47F5-8557-4B704BC47D29}.Debug|Any CPU.Build.0 = Debug|Any CPU
		{5C2C12F1-04F7-47F5-8557-4B704BC47D29}.Release|Any CPU.ActiveCfg = Release|Any CPU
		{5C2C12F1-04F7-47F5-8557-4B704BC47D29}.Release|Any CPU.Build.0 = Release|Any CPU
		{F4871117-30F3-498B-9359-E8375859EF1E}.Debug|Any CPU.ActiveCfg = Debug|Any CPU
		{F4871117-30F3-498B-9359-E8375859EF1E}.Debug|Any CPU.Build.0 = Debug|Any CPU
		{F4871117-30F3-498B-9359-E8375859EF1E}.Release|Any CPU.ActiveCfg = Release|Any CPU
		{F4871117-30F3-498B-9359-E8375859EF1E}.Release|Any CPU.Build.0 = Release|Any CPU
		{DAD51D28-8C75-429E-967E-BE539D6CA341}.Debug|Any CPU.ActiveCfg = Debug|Any CPU
		{DAD51D28-8C75-429E-967E-BE539D6CA341}.Debug|Any CPU.Build.0 = Debug|Any CPU
		{DAD51D28-8C75-429E-967E-BE539D6CA341}.Release|Any CPU.ActiveCfg = Release|Any CPU
		{DAD51D28-8C75-429E-967E-BE539D6CA341}.Release|Any CPU.Build.0 = Release|Any CPU
		{479A4597-33C0-4BBF-BD9E-ADF568446866}.Debug|Any CPU.ActiveCfg = Debug|Any CPU
		{479A4597-33C0-4BBF-BD9E-ADF568446866}.Debug|Any CPU.Build.0 = Debug|Any CPU
		{479A4597-33C0-4BBF-BD9E-ADF568446866}.Release|Any CPU.ActiveCfg = Release|Any CPU
		{479A4597-33C0-4BBF-BD9E-ADF568446866}.Release|Any CPU.Build.0 = Release|Any CPU
		{EDD24EAB-BB68-4EB2-9770-667A320906D5}.Debug|Any CPU.ActiveCfg = Debug|Any CPU
		{EDD24EAB-BB68-4EB2-9770-667A320906D5}.Debug|Any CPU.Build.0 = Debug|Any CPU
		{EDD24EAB-BB68-4EB2-9770-667A320906D5}.Release|Any CPU.ActiveCfg = Release|Any CPU
		{EDD24EAB-BB68-4EB2-9770-667A320906D5}.Release|Any CPU.Build.0 = Release|Any CPU
		{2712B25F-3E51-4C45-BC6D-08BF4CD2BCDC}.Debug|Any CPU.ActiveCfg = Debug|Any CPU
		{2712B25F-3E51-4C45-BC6D-08BF4CD2BCDC}.Debug|Any CPU.Build.0 = Debug|Any CPU
		{2712B25F-3E51-4C45-BC6D-08BF4CD2BCDC}.Release|Any CPU.ActiveCfg = Release|Any CPU
		{2712B25F-3E51-4C45-BC6D-08BF4CD2BCDC}.Release|Any CPU.Build.0 = Release|Any CPU
		{79B9F650-7DF7-4CD2-9C85-ABF39435A49D}.Debug|Any CPU.ActiveCfg = Debug|Any CPU
		{79B9F650-7DF7-4CD2-9C85-ABF39435A49D}.Debug|Any CPU.Build.0 = Debug|Any CPU
		{79B9F650-7DF7-4CD2-9C85-ABF39435A49D}.Release|Any CPU.ActiveCfg = Release|Any CPU
		{79B9F650-7DF7-4CD2-9C85-ABF39435A49D}.Release|Any CPU.Build.0 = Release|Any CPU
		{A547CA9F-8F63-432F-A394-398967494130}.Debug|Any CPU.ActiveCfg = Debug|Any CPU
		{A547CA9F-8F63-432F-A394-398967494130}.Debug|Any CPU.Build.0 = Debug|Any CPU
		{A547CA9F-8F63-432F-A394-398967494130}.Release|Any CPU.ActiveCfg = Release|Any CPU
		{A547CA9F-8F63-432F-A394-398967494130}.Release|Any CPU.Build.0 = Release|Any CPU
		{91CD4BD7-9B10-4C80-AF47-BD2101EA0173}.Debug|Any CPU.ActiveCfg = Debug|Any CPU
		{91CD4BD7-9B10-4C80-AF47-BD2101EA0173}.Debug|Any CPU.Build.0 = Debug|Any CPU
		{91CD4BD7-9B10-4C80-AF47-BD2101EA0173}.Release|Any CPU.ActiveCfg = Release|Any CPU
		{91CD4BD7-9B10-4C80-AF47-BD2101EA0173}.Release|Any CPU.Build.0 = Release|Any CPU
		{8E4A24B5-3F2D-4D3E-B5C5-C1CE3D40BE9E}.Debug|Any CPU.ActiveCfg = Debug|Any CPU
		{8E4A24B5-3F2D-4D3E-B5C5-C1CE3D40BE9E}.Debug|Any CPU.Build.0 = Debug|Any CPU
		{8E4A24B5-3F2D-4D3E-B5C5-C1CE3D40BE9E}.Release|Any CPU.ActiveCfg = Release|Any CPU
		{8E4A24B5-3F2D-4D3E-B5C5-C1CE3D40BE9E}.Release|Any CPU.Build.0 = Release|Any CPU
		{E74232D5-CADC-49F2-AE97-20BA268F799A}.Debug|Any CPU.ActiveCfg = Debug|Any CPU
		{E74232D5-CADC-49F2-AE97-20BA268F799A}.Debug|Any CPU.Build.0 = Debug|Any CPU
		{E74232D5-CADC-49F2-AE97-20BA268F799A}.Release|Any CPU.ActiveCfg = Release|Any CPU
		{E74232D5-CADC-49F2-AE97-20BA268F799A}.Release|Any CPU.Build.0 = Release|Any CPU
		{6826BE8B-8A0E-432F-AFA0-49BD03F06E46}.Debug|Any CPU.ActiveCfg = Debug|Any CPU
		{6826BE8B-8A0E-432F-AFA0-49BD03F06E46}.Debug|Any CPU.Build.0 = Debug|Any CPU
		{6826BE8B-8A0E-432F-AFA0-49BD03F06E46}.Release|Any CPU.ActiveCfg = Release|Any CPU
		{6826BE8B-8A0E-432F-AFA0-49BD03F06E46}.Release|Any CPU.Build.0 = Release|Any CPU
		{3F9E1E5C-1AF0-4313-A309-A72CA94BF956}.Debug|Any CPU.ActiveCfg = Debug|Any CPU
		{3F9E1E5C-1AF0-4313-A309-A72CA94BF956}.Debug|Any CPU.Build.0 = Debug|Any CPU
		{3F9E1E5C-1AF0-4313-A309-A72CA94BF956}.Release|Any CPU.ActiveCfg = Release|Any CPU
		{3F9E1E5C-1AF0-4313-A309-A72CA94BF956}.Release|Any CPU.Build.0 = Release|Any CPU
		{6F2DC28E-54B3-44D2-82F5-F61A86EE0C63}.Debug|Any CPU.ActiveCfg = Debug|Any CPU
		{6F2DC28E-54B3-44D2-82F5-F61A86EE0C63}.Debug|Any CPU.Build.0 = Debug|Any CPU
		{6F2DC28E-54B3-44D2-82F5-F61A86EE0C63}.Release|Any CPU.ActiveCfg = Release|Any CPU
		{6F2DC28E-54B3-44D2-82F5-F61A86EE0C63}.Release|Any CPU.Build.0 = Release|Any CPU
		{EDF8C5EE-CEA2-48A3-89F6-3455A9216352}.Debug|Any CPU.ActiveCfg = Debug|Any CPU
		{EDF8C5EE-CEA2-48A3-89F6-3455A9216352}.Debug|Any CPU.Build.0 = Debug|Any CPU
		{EDF8C5EE-CEA2-48A3-89F6-3455A9216352}.Release|Any CPU.ActiveCfg = Release|Any CPU
		{EDF8C5EE-CEA2-48A3-89F6-3455A9216352}.Release|Any CPU.Build.0 = Release|Any CPU
		{E27E73C2-F7F2-44F8-9D75-0A0A4D3D2213}.Debug|Any CPU.ActiveCfg = Debug|Any CPU
		{E27E73C2-F7F2-44F8-9D75-0A0A4D3D2213}.Debug|Any CPU.Build.0 = Debug|Any CPU
		{E27E73C2-F7F2-44F8-9D75-0A0A4D3D2213}.Release|Any CPU.ActiveCfg = Release|Any CPU
		{E27E73C2-F7F2-44F8-9D75-0A0A4D3D2213}.Release|Any CPU.Build.0 = Release|Any CPU
		{CC4B9773-444C-4C7F-9990-3BFCCC805B50}.Debug|Any CPU.ActiveCfg = Debug|Any CPU
		{CC4B9773-444C-4C7F-9990-3BFCCC805B50}.Debug|Any CPU.Build.0 = Debug|Any CPU
		{CC4B9773-444C-4C7F-9990-3BFCCC805B50}.Release|Any CPU.ActiveCfg = Release|Any CPU
		{CC4B9773-444C-4C7F-9990-3BFCCC805B50}.Release|Any CPU.Build.0 = Release|Any CPU
		{50EDBF3B-5AFA-42FD-AB47-47766D6EFABB}.Debug|Any CPU.ActiveCfg = Debug|Any CPU
		{50EDBF3B-5AFA-42FD-AB47-47766D6EFABB}.Debug|Any CPU.Build.0 = Debug|Any CPU
		{50EDBF3B-5AFA-42FD-AB47-47766D6EFABB}.Release|Any CPU.ActiveCfg = Release|Any CPU
		{50EDBF3B-5AFA-42FD-AB47-47766D6EFABB}.Release|Any CPU.Build.0 = Release|Any CPU
		{07DB9437-5E08-4EC9-B792-ADEA0D065721}.Debug|Any CPU.ActiveCfg = Debug|Any CPU
		{07DB9437-5E08-4EC9-B792-ADEA0D065721}.Debug|Any CPU.Build.0 = Debug|Any CPU
		{07DB9437-5E08-4EC9-B792-ADEA0D065721}.Release|Any CPU.ActiveCfg = Release|Any CPU
		{07DB9437-5E08-4EC9-B792-ADEA0D065721}.Release|Any CPU.Build.0 = Release|Any CPU
		{804B1CD7-A9E9-4B72-A344-A38DCDF962F9}.Debug|Any CPU.ActiveCfg = Debug|Any CPU
		{804B1CD7-A9E9-4B72-A344-A38DCDF962F9}.Debug|Any CPU.Build.0 = Debug|Any CPU
		{804B1CD7-A9E9-4B72-A344-A38DCDF962F9}.Release|Any CPU.ActiveCfg = Release|Any CPU
		{804B1CD7-A9E9-4B72-A344-A38DCDF962F9}.Release|Any CPU.Build.0 = Release|Any CPU
		{BE95334F-57CA-413C-ADF6-862C9E536453}.Debug|Any CPU.ActiveCfg = Debug|Any CPU
		{BE95334F-57CA-413C-ADF6-862C9E536453}.Debug|Any CPU.Build.0 = Debug|Any CPU
		{BE95334F-57CA-413C-ADF6-862C9E536453}.Release|Any CPU.ActiveCfg = Release|Any CPU
		{BE95334F-57CA-413C-ADF6-862C9E536453}.Release|Any CPU.Build.0 = Release|Any CPU
		{C8F1DB74-C0DB-45BD-B42D-F6047AAD57A5}.Debug|Any CPU.ActiveCfg = Debug|Any CPU
		{C8F1DB74-C0DB-45BD-B42D-F6047AAD57A5}.Debug|Any CPU.Build.0 = Debug|Any CPU
		{C8F1DB74-C0DB-45BD-B42D-F6047AAD57A5}.Release|Any CPU.ActiveCfg = Release|Any CPU
		{C8F1DB74-C0DB-45BD-B42D-F6047AAD57A5}.Release|Any CPU.Build.0 = Release|Any CPU
		{FC873B8E-8197-49F1-8059-5C242C1B8420}.Debug|Any CPU.ActiveCfg = Debug|Any CPU
		{FC873B8E-8197-49F1-8059-5C242C1B8420}.Debug|Any CPU.Build.0 = Debug|Any CPU
		{FC873B8E-8197-49F1-8059-5C242C1B8420}.Release|Any CPU.ActiveCfg = Release|Any CPU
		{FC873B8E-8197-49F1-8059-5C242C1B8420}.Release|Any CPU.Build.0 = Release|Any CPU
		{8D8162A8-68BF-4D6A-98E3-ABB19E973E56}.Debug|Any CPU.ActiveCfg = Debug|Any CPU
		{8D8162A8-68BF-4D6A-98E3-ABB19E973E56}.Debug|Any CPU.Build.0 = Debug|Any CPU
		{8D8162A8-68BF-4D6A-98E3-ABB19E973E56}.Release|Any CPU.ActiveCfg = Release|Any CPU
		{8D8162A8-68BF-4D6A-98E3-ABB19E973E56}.Release|Any CPU.Build.0 = Release|Any CPU
		{0230FE07-84BF-400F-A6DF-33E892CB3CBF}.Debug|Any CPU.ActiveCfg = Debug|Any CPU
		{0230FE07-84BF-400F-A6DF-33E892CB3CBF}.Debug|Any CPU.Build.0 = Debug|Any CPU
		{0230FE07-84BF-400F-A6DF-33E892CB3CBF}.Release|Any CPU.ActiveCfg = Release|Any CPU
		{0230FE07-84BF-400F-A6DF-33E892CB3CBF}.Release|Any CPU.Build.0 = Release|Any CPU
		{A0391D5D-012F-4C14-9627-4D3122A19EBD}.Debug|Any CPU.ActiveCfg = Debug|Any CPU
		{A0391D5D-012F-4C14-9627-4D3122A19EBD}.Debug|Any CPU.Build.0 = Debug|Any CPU
		{A0391D5D-012F-4C14-9627-4D3122A19EBD}.Release|Any CPU.ActiveCfg = Release|Any CPU
		{A0391D5D-012F-4C14-9627-4D3122A19EBD}.Release|Any CPU.Build.0 = Release|Any CPU
		{E6401629-7E7F-4DB8-A6E0-BE35C45A16C0}.Debug|Any CPU.ActiveCfg = Debug|Any CPU
		{E6401629-7E7F-4DB8-A6E0-BE35C45A16C0}.Debug|Any CPU.Build.0 = Debug|Any CPU
		{E6401629-7E7F-4DB8-A6E0-BE35C45A16C0}.Release|Any CPU.ActiveCfg = Release|Any CPU
		{E6401629-7E7F-4DB8-A6E0-BE35C45A16C0}.Release|Any CPU.Build.0 = Release|Any CPU
		{ECB5551A-3536-4C62-A93A-7F2DCC1FCF3A}.Debug|Any CPU.ActiveCfg = Debug|Any CPU
		{ECB5551A-3536-4C62-A93A-7F2DCC1FCF3A}.Debug|Any CPU.Build.0 = Debug|Any CPU
		{ECB5551A-3536-4C62-A93A-7F2DCC1FCF3A}.Release|Any CPU.ActiveCfg = Release|Any CPU
		{ECB5551A-3536-4C62-A93A-7F2DCC1FCF3A}.Release|Any CPU.Build.0 = Release|Any CPU
		{9BF1C537-35AB-479C-ACB4-A91169DBB524}.Debug|Any CPU.ActiveCfg = Debug|Any CPU
		{9BF1C537-35AB-479C-ACB4-A91169DBB524}.Debug|Any CPU.Build.0 = Debug|Any CPU
		{9BF1C537-35AB-479C-ACB4-A91169DBB524}.Release|Any CPU.ActiveCfg = Release|Any CPU
		{9BF1C537-35AB-479C-ACB4-A91169DBB524}.Release|Any CPU.Build.0 = Release|Any CPU
		{8DFBB5B7-5B15-4BA5-813E-5899AED6DB15}.Debug|Any CPU.ActiveCfg = Debug|Any CPU
		{8DFBB5B7-5B15-4BA5-813E-5899AED6DB15}.Debug|Any CPU.Build.0 = Debug|Any CPU
		{8DFBB5B7-5B15-4BA5-813E-5899AED6DB15}.Release|Any CPU.ActiveCfg = Release|Any CPU
		{8DFBB5B7-5B15-4BA5-813E-5899AED6DB15}.Release|Any CPU.Build.0 = Release|Any CPU
		{90DD7736-4431-4D64-A156-717D94113F44}.Debug|Any CPU.ActiveCfg = Debug|Any CPU
		{90DD7736-4431-4D64-A156-717D94113F44}.Debug|Any CPU.Build.0 = Debug|Any CPU
		{90DD7736-4431-4D64-A156-717D94113F44}.Release|Any CPU.ActiveCfg = Release|Any CPU
		{90DD7736-4431-4D64-A156-717D94113F44}.Release|Any CPU.Build.0 = Release|Any CPU
		{A838EE62-4996-4018-87C4-5C26F5989295}.Debug|Any CPU.ActiveCfg = Debug|Any CPU
		{A838EE62-4996-4018-87C4-5C26F5989295}.Debug|Any CPU.Build.0 = Debug|Any CPU
		{A838EE62-4996-4018-87C4-5C26F5989295}.Release|Any CPU.ActiveCfg = Release|Any CPU
		{A838EE62-4996-4018-87C4-5C26F5989295}.Release|Any CPU.Build.0 = Release|Any CPU
		{DE8559B4-30FF-4F2D-81E5-75D342E11864}.Debug|Any CPU.ActiveCfg = Debug|Any CPU
		{DE8559B4-30FF-4F2D-81E5-75D342E11864}.Debug|Any CPU.Build.0 = Debug|Any CPU
		{DE8559B4-30FF-4F2D-81E5-75D342E11864}.Release|Any CPU.ActiveCfg = Release|Any CPU
		{DE8559B4-30FF-4F2D-81E5-75D342E11864}.Release|Any CPU.Build.0 = Release|Any CPU
		{E671C857-0D0E-4006-9E7F-AD7FC5110A1F}.Debug|Any CPU.ActiveCfg = Debug|Any CPU
		{E671C857-0D0E-4006-9E7F-AD7FC5110A1F}.Debug|Any CPU.Build.0 = Debug|Any CPU
		{E671C857-0D0E-4006-9E7F-AD7FC5110A1F}.Release|Any CPU.ActiveCfg = Release|Any CPU
		{E671C857-0D0E-4006-9E7F-AD7FC5110A1F}.Release|Any CPU.Build.0 = Release|Any CPU
		{46F2E33D-ABF7-42B6-AB81-6E5CBEB4B69A}.Debug|Any CPU.ActiveCfg = Debug|Any CPU
		{46F2E33D-ABF7-42B6-AB81-6E5CBEB4B69A}.Debug|Any CPU.Build.0 = Debug|Any CPU
		{46F2E33D-ABF7-42B6-AB81-6E5CBEB4B69A}.Release|Any CPU.ActiveCfg = Release|Any CPU
		{46F2E33D-ABF7-42B6-AB81-6E5CBEB4B69A}.Release|Any CPU.Build.0 = Release|Any CPU
		{F082C432-7F71-4462-A831-9CBB25C14470}.Debug|Any CPU.ActiveCfg = Debug|Any CPU
		{F082C432-7F71-4462-A831-9CBB25C14470}.Debug|Any CPU.Build.0 = Debug|Any CPU
		{F082C432-7F71-4462-A831-9CBB25C14470}.Release|Any CPU.ActiveCfg = Release|Any CPU
		{F082C432-7F71-4462-A831-9CBB25C14470}.Release|Any CPU.Build.0 = Release|Any CPU
		{83501F42-5F84-406B-854A-E982415CAE5C}.Debug|Any CPU.ActiveCfg = Debug|Any CPU
		{83501F42-5F84-406B-854A-E982415CAE5C}.Debug|Any CPU.Build.0 = Debug|Any CPU
		{83501F42-5F84-406B-854A-E982415CAE5C}.Release|Any CPU.ActiveCfg = Release|Any CPU
		{83501F42-5F84-406B-854A-E982415CAE5C}.Release|Any CPU.Build.0 = Release|Any CPU
		{7032AECA-F8C9-4A80-9DFA-FF6A719D610F}.Debug|Any CPU.ActiveCfg = Debug|Any CPU
		{7032AECA-F8C9-4A80-9DFA-FF6A719D610F}.Debug|Any CPU.Build.0 = Debug|Any CPU
		{7032AECA-F8C9-4A80-9DFA-FF6A719D610F}.Release|Any CPU.ActiveCfg = Release|Any CPU
		{7032AECA-F8C9-4A80-9DFA-FF6A719D610F}.Release|Any CPU.Build.0 = Release|Any CPU
		{05DEFC97-598A-4DE9-B9E3-018086F90CF0}.Debug|Any CPU.ActiveCfg = Debug|Any CPU
		{05DEFC97-598A-4DE9-B9E3-018086F90CF0}.Debug|Any CPU.Build.0 = Debug|Any CPU
		{05DEFC97-598A-4DE9-B9E3-018086F90CF0}.Release|Any CPU.ActiveCfg = Release|Any CPU
		{05DEFC97-598A-4DE9-B9E3-018086F90CF0}.Release|Any CPU.Build.0 = Release|Any CPU
		{CF67CDEA-7783-43F8-ADEF-B8464090CB87}.Debug|Any CPU.ActiveCfg = Debug|Any CPU
		{CF67CDEA-7783-43F8-ADEF-B8464090CB87}.Debug|Any CPU.Build.0 = Debug|Any CPU
		{CF67CDEA-7783-43F8-ADEF-B8464090CB87}.Release|Any CPU.ActiveCfg = Release|Any CPU
		{CF67CDEA-7783-43F8-ADEF-B8464090CB87}.Release|Any CPU.Build.0 = Release|Any CPU
		{9B56E9A6-745E-43D3-8F79-A2BD85BE4C14}.Debug|Any CPU.ActiveCfg = Debug|Any CPU
		{9B56E9A6-745E-43D3-8F79-A2BD85BE4C14}.Debug|Any CPU.Build.0 = Debug|Any CPU
		{9B56E9A6-745E-43D3-8F79-A2BD85BE4C14}.Release|Any CPU.ActiveCfg = Release|Any CPU
		{9B56E9A6-745E-43D3-8F79-A2BD85BE4C14}.Release|Any CPU.Build.0 = Release|Any CPU
		{483294F0-0B8E-444E-BA33-2CDE1599BFC8}.Debug|Any CPU.ActiveCfg = Debug|Any CPU
		{483294F0-0B8E-444E-BA33-2CDE1599BFC8}.Debug|Any CPU.Build.0 = Debug|Any CPU
		{483294F0-0B8E-444E-BA33-2CDE1599BFC8}.Release|Any CPU.ActiveCfg = Release|Any CPU
		{483294F0-0B8E-444E-BA33-2CDE1599BFC8}.Release|Any CPU.Build.0 = Release|Any CPU
		{EC99E4D9-CF94-45DE-9DB4-00A65E1B62E9}.Debug|Any CPU.ActiveCfg = Debug|Any CPU
		{EC99E4D9-CF94-45DE-9DB4-00A65E1B62E9}.Debug|Any CPU.Build.0 = Debug|Any CPU
		{EC99E4D9-CF94-45DE-9DB4-00A65E1B62E9}.Release|Any CPU.ActiveCfg = Release|Any CPU
		{EC99E4D9-CF94-45DE-9DB4-00A65E1B62E9}.Release|Any CPU.Build.0 = Release|Any CPU
		{26D64DF4-88C6-4DAD-B18B-9F71B66D3799}.Debug|Any CPU.ActiveCfg = Debug|Any CPU
		{26D64DF4-88C6-4DAD-B18B-9F71B66D3799}.Debug|Any CPU.Build.0 = Debug|Any CPU
		{26D64DF4-88C6-4DAD-B18B-9F71B66D3799}.Release|Any CPU.ActiveCfg = Release|Any CPU
		{26D64DF4-88C6-4DAD-B18B-9F71B66D3799}.Release|Any CPU.Build.0 = Release|Any CPU
		{0059F7BF-39A3-471C-B383-7DACCE4519D6}.Debug|Any CPU.ActiveCfg = Debug|Any CPU
		{0059F7BF-39A3-471C-B383-7DACCE4519D6}.Debug|Any CPU.Build.0 = Debug|Any CPU
		{0059F7BF-39A3-471C-B383-7DACCE4519D6}.Release|Any CPU.ActiveCfg = Release|Any CPU
		{0059F7BF-39A3-471C-B383-7DACCE4519D6}.Release|Any CPU.Build.0 = Release|Any CPU
		{289459AB-F619-4A42-9C33-216D8764A4A0}.Debug|Any CPU.ActiveCfg = Debug|Any CPU
		{289459AB-F619-4A42-9C33-216D8764A4A0}.Debug|Any CPU.Build.0 = Debug|Any CPU
		{289459AB-F619-4A42-9C33-216D8764A4A0}.Release|Any CPU.ActiveCfg = Release|Any CPU
		{289459AB-F619-4A42-9C33-216D8764A4A0}.Release|Any CPU.Build.0 = Release|Any CPU
		{857CF757-2BFB-4ED5-A54C-F3BE9312D10D}.Debug|Any CPU.ActiveCfg = Debug|Any CPU
		{857CF757-2BFB-4ED5-A54C-F3BE9312D10D}.Debug|Any CPU.Build.0 = Debug|Any CPU
		{857CF757-2BFB-4ED5-A54C-F3BE9312D10D}.Release|Any CPU.ActiveCfg = Release|Any CPU
		{857CF757-2BFB-4ED5-A54C-F3BE9312D10D}.Release|Any CPU.Build.0 = Release|Any CPU
		{1CE4861D-5543-43B1-938C-C125FDB1810F}.Debug|Any CPU.ActiveCfg = Debug|Any CPU
		{1CE4861D-5543-43B1-938C-C125FDB1810F}.Debug|Any CPU.Build.0 = Debug|Any CPU
		{1CE4861D-5543-43B1-938C-C125FDB1810F}.Release|Any CPU.ActiveCfg = Release|Any CPU
		{1CE4861D-5543-43B1-938C-C125FDB1810F}.Release|Any CPU.Build.0 = Release|Any CPU
		{B962E050-61D9-4DB5-B257-2B5D7EDC2078}.Debug|Any CPU.ActiveCfg = Debug|Any CPU
		{B962E050-61D9-4DB5-B257-2B5D7EDC2078}.Debug|Any CPU.Build.0 = Debug|Any CPU
		{B962E050-61D9-4DB5-B257-2B5D7EDC2078}.Release|Any CPU.ActiveCfg = Release|Any CPU
		{B962E050-61D9-4DB5-B257-2B5D7EDC2078}.Release|Any CPU.Build.0 = Release|Any CPU
		{04DA936F-A23E-4ECF-98FA-F3929E48D9FF}.Debug|Any CPU.ActiveCfg = Debug|Any CPU
		{04DA936F-A23E-4ECF-98FA-F3929E48D9FF}.Debug|Any CPU.Build.0 = Debug|Any CPU
		{04DA936F-A23E-4ECF-98FA-F3929E48D9FF}.Release|Any CPU.ActiveCfg = Release|Any CPU
		{04DA936F-A23E-4ECF-98FA-F3929E48D9FF}.Release|Any CPU.Build.0 = Release|Any CPU
		{617276D9-FE12-4EF2-AD63-B80F600AE476}.Debug|Any CPU.ActiveCfg = Debug|Any CPU
		{617276D9-FE12-4EF2-AD63-B80F600AE476}.Debug|Any CPU.Build.0 = Debug|Any CPU
		{617276D9-FE12-4EF2-AD63-B80F600AE476}.Release|Any CPU.ActiveCfg = Release|Any CPU
		{617276D9-FE12-4EF2-AD63-B80F600AE476}.Release|Any CPU.Build.0 = Release|Any CPU
		{56169A59-AEED-4FE1-9395-2B80C5EA08EB}.Debug|Any CPU.ActiveCfg = Debug|Any CPU
		{56169A59-AEED-4FE1-9395-2B80C5EA08EB}.Debug|Any CPU.Build.0 = Debug|Any CPU
		{56169A59-AEED-4FE1-9395-2B80C5EA08EB}.Release|Any CPU.ActiveCfg = Release|Any CPU
		{56169A59-AEED-4FE1-9395-2B80C5EA08EB}.Release|Any CPU.Build.0 = Release|Any CPU
		{65A3066C-C66A-4F38-8CAB-095B39EFF858}.Debug|Any CPU.ActiveCfg = Debug|Any CPU
		{65A3066C-C66A-4F38-8CAB-095B39EFF858}.Debug|Any CPU.Build.0 = Debug|Any CPU
		{65A3066C-C66A-4F38-8CAB-095B39EFF858}.Release|Any CPU.ActiveCfg = Release|Any CPU
		{65A3066C-C66A-4F38-8CAB-095B39EFF858}.Release|Any CPU.Build.0 = Release|Any CPU
		{B3478B97-48B0-4410-AA62-4C1A7C58CD17}.Debug|Any CPU.ActiveCfg = Debug|Any CPU
		{B3478B97-48B0-4410-AA62-4C1A7C58CD17}.Debug|Any CPU.Build.0 = Debug|Any CPU
		{B3478B97-48B0-4410-AA62-4C1A7C58CD17}.Release|Any CPU.ActiveCfg = Release|Any CPU
		{B3478B97-48B0-4410-AA62-4C1A7C58CD17}.Release|Any CPU.Build.0 = Release|Any CPU
		{BCF96CBD-A02E-487B-AC89-132DDC9B6ECF}.Debug|Any CPU.ActiveCfg = Debug|Any CPU
		{BCF96CBD-A02E-487B-AC89-132DDC9B6ECF}.Debug|Any CPU.Build.0 = Debug|Any CPU
		{BCF96CBD-A02E-487B-AC89-132DDC9B6ECF}.Release|Any CPU.ActiveCfg = Release|Any CPU
		{BCF96CBD-A02E-487B-AC89-132DDC9B6ECF}.Release|Any CPU.Build.0 = Release|Any CPU
		{43CDC779-A4A8-4AC1-988D-4E195A1A5965}.Debug|Any CPU.ActiveCfg = Debug|Any CPU
		{43CDC779-A4A8-4AC1-988D-4E195A1A5965}.Debug|Any CPU.Build.0 = Debug|Any CPU
		{43CDC779-A4A8-4AC1-988D-4E195A1A5965}.Release|Any CPU.ActiveCfg = Release|Any CPU
		{43CDC779-A4A8-4AC1-988D-4E195A1A5965}.Release|Any CPU.Build.0 = Release|Any CPU
	EndGlobalSection
	GlobalSection(SolutionProperties) = preSolution
		HideSolutionNode = FALSE
	EndGlobalSection
	GlobalSection(NestedProjects) = preSolution
		{1B1F27AB-B798-47D9-B55F-BF8AC5C50A20} = {1D05C5A9-9511-48B6-B35B-9D997FD6E53D}
		{210274F2-8B1F-43EA-988E-25F5D86165D7} = {1D05C5A9-9511-48B6-B35B-9D997FD6E53D}
		{D0F92D9A-C7DA-4A8D-8948-E02A176C3EA8} = {1D05C5A9-9511-48B6-B35B-9D997FD6E53D}
		{BC89C73E-AA2B-49EB-96AF-FC9C5281EC50} = {1D05C5A9-9511-48B6-B35B-9D997FD6E53D}
		{1472F3F1-E66B-49BE-B3F0-EBFE23FCD7D8} = {1D05C5A9-9511-48B6-B35B-9D997FD6E53D}
		{C9BCDDC1-A178-4F41-87E2-520102DB83BF} = {1D05C5A9-9511-48B6-B35B-9D997FD6E53D}
		{11340FC6-AAD8-4678-84A9-0F6B0FD2CF42} = {1D05C5A9-9511-48B6-B35B-9D997FD6E53D}
		{02AA2F50-7B00-413A-B641-B4C2985C42E2} = {1D05C5A9-9511-48B6-B35B-9D997FD6E53D}
		{563293A6-5E15-438C-A0AF-66DDC080193D} = {1D05C5A9-9511-48B6-B35B-9D997FD6E53D}
		{91E497A9-21BA-4B35-A59E-0301E982C383} = {1D05C5A9-9511-48B6-B35B-9D997FD6E53D}
		{AE154B62-BA13-43F0-9328-B28558657000} = {DFD48370-27B2-42F7-97EC-76985A7BF73B}
		{D2AABB36-D269-48F4-8054-A1FB0D52238D} = {DFD48370-27B2-42F7-97EC-76985A7BF73B}
		{FEBDC6CD-859B-4804-A0FB-DA94E457BB2D} = {DFD48370-27B2-42F7-97EC-76985A7BF73B}
		{FD53835F-64ED-4FF4-B27C-7858F921BDE9} = {DFD48370-27B2-42F7-97EC-76985A7BF73B}
		{E9413E95-D73E-42C7-B126-E892EF03D599} = {DFD48370-27B2-42F7-97EC-76985A7BF73B}
		{017F472D-C060-4CF5-8B85-EACA5FE61B42} = {F73FB8B8-35B7-4922-893A-E6C1FEE1A35D}
		{33E4055F-0EBF-4675-9CE5-EC838FD55305} = {F73FB8B8-35B7-4922-893A-E6C1FEE1A35D}
		{AF6A44C6-1A2A-47D1-AA32-382653B01935} = {F73FB8B8-35B7-4922-893A-E6C1FEE1A35D}
		{361C00B5-BCEB-4F03-92E0-5E30D4972B4F} = {F73FB8B8-35B7-4922-893A-E6C1FEE1A35D}
		{357DA88C-54D5-4783-9E26-93E4790FB3B7} = {F73FB8B8-35B7-4922-893A-E6C1FEE1A35D}
		{BE5C38EA-644B-4E80-808A-5AFD5A1B46F4} = {F73FB8B8-35B7-4922-893A-E6C1FEE1A35D}
		{07E6BABC-BB9E-4DF7-B464-E63303B3A123} = {F73FB8B8-35B7-4922-893A-E6C1FEE1A35D}
		{F5F0242D-131C-4D16-AB9B-5D4D5A80DD5C} = {F73FB8B8-35B7-4922-893A-E6C1FEE1A35D}
		{235767B3-840A-48F1-BDA1-30849E0D1513} = {F73FB8B8-35B7-4922-893A-E6C1FEE1A35D}
		{81FC4D40-6E4E-4494-9569-F9C5B72CC127} = {F73FB8B8-35B7-4922-893A-E6C1FEE1A35D}
		{FF32F8B4-EB11-4EA1-8CE4-25E2ED6C90E2} = {F73FB8B8-35B7-4922-893A-E6C1FEE1A35D}
		{B78E9DF7-3EC6-4F59-8E49-DD4281566F5C} = {3A2EB99F-E2DB-4C61-A66B-6C3640D8618D}
		{5C2C12F1-04F7-47F5-8557-4B704BC47D29} = {3A2EB99F-E2DB-4C61-A66B-6C3640D8618D}
		{F4871117-30F3-498B-9359-E8375859EF1E} = {3A2EB99F-E2DB-4C61-A66B-6C3640D8618D}
		{DAD51D28-8C75-429E-967E-BE539D6CA341} = {3A2EB99F-E2DB-4C61-A66B-6C3640D8618D}
		{479A4597-33C0-4BBF-BD9E-ADF568446866} = {3A2EB99F-E2DB-4C61-A66B-6C3640D8618D}
		{EDD24EAB-BB68-4EB2-9770-667A320906D5} = {3A2EB99F-E2DB-4C61-A66B-6C3640D8618D}
		{2712B25F-3E51-4C45-BC6D-08BF4CD2BCDC} = {11B63446-87AC-4946-8F6B-42A0107D9055}
		{79B9F650-7DF7-4CD2-9C85-ABF39435A49D} = {11B63446-87AC-4946-8F6B-42A0107D9055}
		{A547CA9F-8F63-432F-A394-398967494130} = {11B63446-87AC-4946-8F6B-42A0107D9055}
		{91CD4BD7-9B10-4C80-AF47-BD2101EA0173} = {11B63446-87AC-4946-8F6B-42A0107D9055}
		{8E4A24B5-3F2D-4D3E-B5C5-C1CE3D40BE9E} = {11B63446-87AC-4946-8F6B-42A0107D9055}
		{E74232D5-CADC-49F2-AE97-20BA268F799A} = {11B63446-87AC-4946-8F6B-42A0107D9055}
		{6826BE8B-8A0E-432F-AFA0-49BD03F06E46} = {11B63446-87AC-4946-8F6B-42A0107D9055}
		{3F9E1E5C-1AF0-4313-A309-A72CA94BF956} = {11B63446-87AC-4946-8F6B-42A0107D9055}
		{6F2DC28E-54B3-44D2-82F5-F61A86EE0C63} = {3F72CE9C-F410-4418-B9C7-014C0F8E3CF9}
		{EDF8C5EE-CEA2-48A3-89F6-3455A9216352} = {3F72CE9C-F410-4418-B9C7-014C0F8E3CF9}
		{E27E73C2-F7F2-44F8-9D75-0A0A4D3D2213} = {3F72CE9C-F410-4418-B9C7-014C0F8E3CF9}
		{CC4B9773-444C-4C7F-9990-3BFCCC805B50} = {3F72CE9C-F410-4418-B9C7-014C0F8E3CF9}
		{50EDBF3B-5AFA-42FD-AB47-47766D6EFABB} = {3F72CE9C-F410-4418-B9C7-014C0F8E3CF9}
		{07DB9437-5E08-4EC9-B792-ADEA0D065721} = {3F72CE9C-F410-4418-B9C7-014C0F8E3CF9}
		{804B1CD7-A9E9-4B72-A344-A38DCDF962F9} = {3F72CE9C-F410-4418-B9C7-014C0F8E3CF9}
		{BE95334F-57CA-413C-ADF6-862C9E536453} = {3F72CE9C-F410-4418-B9C7-014C0F8E3CF9}
		{FC873B8E-8197-49F1-8059-5C242C1B8420} = {3BFE9418-87B2-401E-BDB4-5D2862279F09}
		{8D8162A8-68BF-4D6A-98E3-ABB19E973E56} = {3BFE9418-87B2-401E-BDB4-5D2862279F09}
		{0230FE07-84BF-400F-A6DF-33E892CB3CBF} = {3BFE9418-87B2-401E-BDB4-5D2862279F09}
		{A0391D5D-012F-4C14-9627-4D3122A19EBD} = {3BFE9418-87B2-401E-BDB4-5D2862279F09}
		{E6401629-7E7F-4DB8-A6E0-BE35C45A16C0} = {3BFE9418-87B2-401E-BDB4-5D2862279F09}
		{ECB5551A-3536-4C62-A93A-7F2DCC1FCF3A} = {3BFE9418-87B2-401E-BDB4-5D2862279F09}
		{9BF1C537-35AB-479C-ACB4-A91169DBB524} = {3BFE9418-87B2-401E-BDB4-5D2862279F09}
		{8DFBB5B7-5B15-4BA5-813E-5899AED6DB15} = {3BFE9418-87B2-401E-BDB4-5D2862279F09}
		{90DD7736-4431-4D64-A156-717D94113F44} = {3BFE9418-87B2-401E-BDB4-5D2862279F09}
		{A838EE62-4996-4018-87C4-5C26F5989295} = {3BFE9418-87B2-401E-BDB4-5D2862279F09}
		{DE8559B4-30FF-4F2D-81E5-75D342E11864} = {3BFE9418-87B2-401E-BDB4-5D2862279F09}
		{E671C857-0D0E-4006-9E7F-AD7FC5110A1F} = {6FFEC98A-C782-4308-9848-B5FE3F077F8A}
		{46F2E33D-ABF7-42B6-AB81-6E5CBEB4B69A} = {6FFEC98A-C782-4308-9848-B5FE3F077F8A}
		{F082C432-7F71-4462-A831-9CBB25C14470} = {6FFEC98A-C782-4308-9848-B5FE3F077F8A}
		{83501F42-5F84-406B-854A-E982415CAE5C} = {6FFEC98A-C782-4308-9848-B5FE3F077F8A}
		{7032AECA-F8C9-4A80-9DFA-FF6A719D610F} = {6FFEC98A-C782-4308-9848-B5FE3F077F8A}
		{05DEFC97-598A-4DE9-B9E3-018086F90CF0} = {6FFEC98A-C782-4308-9848-B5FE3F077F8A}
		{CF67CDEA-7783-43F8-ADEF-B8464090CB87} = {6FFEC98A-C782-4308-9848-B5FE3F077F8A}
		{9B56E9A6-745E-43D3-8F79-A2BD85BE4C14} = {6FFEC98A-C782-4308-9848-B5FE3F077F8A}
		{483294F0-0B8E-444E-BA33-2CDE1599BFC8} = {6FFEC98A-C782-4308-9848-B5FE3F077F8A}
		{EC99E4D9-CF94-45DE-9DB4-00A65E1B62E9} = {6FFEC98A-C782-4308-9848-B5FE3F077F8A}
		{26D64DF4-88C6-4DAD-B18B-9F71B66D3799} = {6FFEC98A-C782-4308-9848-B5FE3F077F8A}
		{0059F7BF-39A3-471C-B383-7DACCE4519D6} = {6FFEC98A-C782-4308-9848-B5FE3F077F8A}
		{289459AB-F619-4A42-9C33-216D8764A4A0} = {6FFEC98A-C782-4308-9848-B5FE3F077F8A}
		{857CF757-2BFB-4ED5-A54C-F3BE9312D10D} = {6FFEC98A-C782-4308-9848-B5FE3F077F8A}
		{1CE4861D-5543-43B1-938C-C125FDB1810F} = {6FFEC98A-C782-4308-9848-B5FE3F077F8A}
		{B962E050-61D9-4DB5-B257-2B5D7EDC2078} = {6FFEC98A-C782-4308-9848-B5FE3F077F8A}
		{04DA936F-A23E-4ECF-98FA-F3929E48D9FF} = {DE6E86A8-68CF-413C-BC43-CB1C280AB314}
		{617276D9-FE12-4EF2-AD63-B80F600AE476} = {DE6E86A8-68CF-413C-BC43-CB1C280AB314}
		{56169A59-AEED-4FE1-9395-2B80C5EA08EB} = {DE6E86A8-68CF-413C-BC43-CB1C280AB314}
		{65A3066C-C66A-4F38-8CAB-095B39EFF858} = {DE6E86A8-68CF-413C-BC43-CB1C280AB314}
		{B3478B97-48B0-4410-AA62-4C1A7C58CD17} = {DE6E86A8-68CF-413C-BC43-CB1C280AB314}
		{BCF96CBD-A02E-487B-AC89-132DDC9B6ECF} = {DE6E86A8-68CF-413C-BC43-CB1C280AB314}
		{43CDC779-A4A8-4AC1-988D-4E195A1A5965} = {DE6E86A8-68CF-413C-BC43-CB1C280AB314}
	EndGlobalSection
	GlobalSection(ExtensibilityGlobals) = postSolution
		SolutionGuid = {6634F764-52E2-4C51-8080-9BB70620DBE5}
	EndGlobalSection
EndGlobal
