
Microsoft Visual Studio Solution File, Format Version 12.00
# Visual Studio Version 16
VisualStudioVersion = 16.0.30611.23
MinimumVisualStudioVersion = 10.0.40219.1
Project("{9A19103F-16F7-4668-BE54-9A1E7A4F7556}") = "ages", "Fundamentals C-Sharp 2021\ages.csproj", "{1B1F27AB-B798-47D9-B55F-BF8AC5C50A20}"
EndProject
Project("{9A19103F-16F7-4668-BE54-9A1E7A4F7556}") = "Division", "Division\Division.csproj", "{210274F2-8B1F-43EA-988E-25F5D86165D7}"
EndProject
Project("{9A19103F-16F7-4668-BE54-9A1E7A4F7556}") = "Vacation", "Vacation\Vacation.csproj", "{D0F92D9A-C7DA-4A8D-8948-E02A176C3EA8}"
EndProject
Project("{9A19103F-16F7-4668-BE54-9A1E7A4F7556}") = "PrintAndSum", "PrintAndSum\PrintAndSum.csproj", "{BC89C73E-AA2B-49EB-96AF-FC9C5281EC50}"
EndProject
Project("{9A19103F-16F7-4668-BE54-9A1E7A4F7556}") = "Login", "Login\Login.csproj", "{1472F3F1-E66B-49BE-B3F0-EBFE23FCD7D8}"
EndProject
Project("{9A19103F-16F7-4668-BE54-9A1E7A4F7556}") = "StrongNumber", "StrongNumber\StrongNumber.csproj", "{C9BCDDC1-A178-4F41-87E2-520102DB83BF}"
EndProject
Project("{2150E333-8FDC-42A3-9474-1A3956D46DE8}") = "Basic syntax exercises", "Basic syntax exercises", "{1D05C5A9-9511-48B6-B35B-9D997FD6E53D}"
EndProject
Project("{FAE04EC0-301F-11D3-BF4B-00C04F79EFBC}") = "VendingMachine", "VendingMachine\VendingMachine.csproj", "{11340FC6-AAD8-4678-84A9-0F6B0FD2CF42}"
EndProject
Project("{FAE04EC0-301F-11D3-BF4B-00C04F79EFBC}") = "TriangleOfNumbers", "TriangleOfNumbers\TriangleOfNumbers.csproj", "{02AA2F50-7B00-413A-B641-B4C2985C42E2}"
EndProject
Project("{FAE04EC0-301F-11D3-BF4B-00C04F79EFBC}") = "PadawanEquipment", "PadawanEquipment\PadawanEquipment.csproj", "{563293A6-5E15-438C-A0AF-66DDC080193D}"
EndProject
Project("{FAE04EC0-301F-11D3-BF4B-00C04F79EFBC}") = "RageExpenses", "RageExpenses\RageExpenses.csproj", "{91E497A9-21BA-4B35-A59E-0301E982C383}"
EndProject
Global
	GlobalSection(SolutionConfigurationPlatforms) = preSolution
		Debug|Any CPU = Debug|Any CPU
		Release|Any CPU = Release|Any CPU
	EndGlobalSection
	GlobalSection(ProjectConfigurationPlatforms) = postSolution
		{1B1F27AB-B798-47D9-B55F-BF8AC5C50A20}.Debug|Any CPU.ActiveCfg = Debug|Any CPU
		{1B1F27AB-B798-47D9-B55F-BF8AC5C50A20}.Debug|Any CPU.Build.0 = Debug|Any CPU
		{1B1F27AB-B798-47D9-B55F-BF8AC5C50A20}.Release|Any CPU.ActiveCfg = Release|Any CPU
		{1B1F27AB-B798-47D9-B55F-BF8AC5C50A20}.Release|Any CPU.Build.0 = Release|Any CPU
		{210274F2-8B1F-43EA-988E-25F5D86165D7}.Debug|Any CPU.ActiveCfg = Debug|Any CPU
		{210274F2-8B1F-43EA-988E-25F5D86165D7}.Debug|Any CPU.Build.0 = Debug|Any CPU
		{210274F2-8B1F-43EA-988E-25F5D86165D7}.Release|Any CPU.ActiveCfg = Release|Any CPU
		{210274F2-8B1F-43EA-988E-25F5D86165D7}.Release|Any CPU.Build.0 = Release|Any CPU
		{D0F92D9A-C7DA-4A8D-8948-E02A176C3EA8}.Debug|Any CPU.ActiveCfg = Debug|Any CPU
		{D0F92D9A-C7DA-4A8D-8948-E02A176C3EA8}.Debug|Any CPU.Build.0 = Debug|Any CPU
		{D0F92D9A-C7DA-4A8D-8948-E02A176C3EA8}.Release|Any CPU.ActiveCfg = Release|Any CPU
		{D0F92D9A-C7DA-4A8D-8948-E02A176C3EA8}.Release|Any CPU.Build.0 = Release|Any CPU
		{BC89C73E-AA2B-49EB-96AF-FC9C5281EC50}.Debug|Any CPU.ActiveCfg = Debug|Any CPU
		{BC89C73E-AA2B-49EB-96AF-FC9C5281EC50}.Debug|Any CPU.Build.0 = Debug|Any CPU
		{BC89C73E-AA2B-49EB-96AF-FC9C5281EC50}.Release|Any CPU.ActiveCfg = Release|Any CPU
		{BC89C73E-AA2B-49EB-96AF-FC9C5281EC50}.Release|Any CPU.Build.0 = Release|Any CPU
		{1472F3F1-E66B-49BE-B3F0-EBFE23FCD7D8}.Debug|Any CPU.ActiveCfg = Debug|Any CPU
		{1472F3F1-E66B-49BE-B3F0-EBFE23FCD7D8}.Debug|Any CPU.Build.0 = Debug|Any CPU
		{1472F3F1-E66B-49BE-B3F0-EBFE23FCD7D8}.Release|Any CPU.ActiveCfg = Release|Any CPU
		{1472F3F1-E66B-49BE-B3F0-EBFE23FCD7D8}.Release|Any CPU.Build.0 = Release|Any CPU
		{C9BCDDC1-A178-4F41-87E2-520102DB83BF}.Debug|Any CPU.ActiveCfg = Debug|Any CPU
		{C9BCDDC1-A178-4F41-87E2-520102DB83BF}.Debug|Any CPU.Build.0 = Debug|Any CPU
		{C9BCDDC1-A178-4F41-87E2-520102DB83BF}.Release|Any CPU.ActiveCfg = Release|Any CPU
		{C9BCDDC1-A178-4F41-87E2-520102DB83BF}.Release|Any CPU.Build.0 = Release|Any CPU
		{11340FC6-AAD8-4678-84A9-0F6B0FD2CF42}.Debug|Any CPU.ActiveCfg = Debug|Any CPU
		{11340FC6-AAD8-4678-84A9-0F6B0FD2CF42}.Debug|Any CPU.Build.0 = Debug|Any CPU
		{11340FC6-AAD8-4678-84A9-0F6B0FD2CF42}.Release|Any CPU.ActiveCfg = Release|Any CPU
		{11340FC6-AAD8-4678-84A9-0F6B0FD2CF42}.Release|Any CPU.Build.0 = Release|Any CPU
		{02AA2F50-7B00-413A-B641-B4C2985C42E2}.Debug|Any CPU.ActiveCfg = Debug|Any CPU
		{02AA2F50-7B00-413A-B641-B4C2985C42E2}.Debug|Any CPU.Build.0 = Debug|Any CPU
		{02AA2F50-7B00-413A-B641-B4C2985C42E2}.Release|Any CPU.ActiveCfg = Release|Any CPU
		{02AA2F50-7B00-413A-B641-B4C2985C42E2}.Release|Any CPU.Build.0 = Release|Any CPU
		{563293A6-5E15-438C-A0AF-66DDC080193D}.Debug|Any CPU.ActiveCfg = Debug|Any CPU
		{563293A6-5E15-438C-A0AF-66DDC080193D}.Debug|Any CPU.Build.0 = Debug|Any CPU
		{563293A6-5E15-438C-A0AF-66DDC080193D}.Release|Any CPU.ActiveCfg = Release|Any CPU
		{563293A6-5E15-438C-A0AF-66DDC080193D}.Release|Any CPU.Build.0 = Release|Any CPU
		{91E497A9-21BA-4B35-A59E-0301E982C383}.Debug|Any CPU.ActiveCfg = Debug|Any CPU
		{91E497A9-21BA-4B35-A59E-0301E982C383}.Debug|Any CPU.Build.0 = Debug|Any CPU
		{91E497A9-21BA-4B35-A59E-0301E982C383}.Release|Any CPU.ActiveCfg = Release|Any CPU
		{91E497A9-21BA-4B35-A59E-0301E982C383}.Release|Any CPU.Build.0 = Release|Any CPU
	EndGlobalSection
	GlobalSection(SolutionProperties) = preSolution
		HideSolutionNode = FALSE
	EndGlobalSection
	GlobalSection(NestedProjects) = preSolution
		{1B1F27AB-B798-47D9-B55F-BF8AC5C50A20} = {1D05C5A9-9511-48B6-B35B-9D997FD6E53D}
		{210274F2-8B1F-43EA-988E-25F5D86165D7} = {1D05C5A9-9511-48B6-B35B-9D997FD6E53D}
		{D0F92D9A-C7DA-4A8D-8948-E02A176C3EA8} = {1D05C5A9-9511-48B6-B35B-9D997FD6E53D}
		{BC89C73E-AA2B-49EB-96AF-FC9C5281EC50} = {1D05C5A9-9511-48B6-B35B-9D997FD6E53D}
		{1472F3F1-E66B-49BE-B3F0-EBFE23FCD7D8} = {1D05C5A9-9511-48B6-B35B-9D997FD6E53D}
		{C9BCDDC1-A178-4F41-87E2-520102DB83BF} = {1D05C5A9-9511-48B6-B35B-9D997FD6E53D}
		{11340FC6-AAD8-4678-84A9-0F6B0FD2CF42} = {1D05C5A9-9511-48B6-B35B-9D997FD6E53D}
		{02AA2F50-7B00-413A-B641-B4C2985C42E2} = {1D05C5A9-9511-48B6-B35B-9D997FD6E53D}
		{563293A6-5E15-438C-A0AF-66DDC080193D} = {1D05C5A9-9511-48B6-B35B-9D997FD6E53D}
		{91E497A9-21BA-4B35-A59E-0301E982C383} = {1D05C5A9-9511-48B6-B35B-9D997FD6E53D}
	EndGlobalSection
	GlobalSection(ExtensibilityGlobals) = postSolution
		SolutionGuid = {6634F764-52E2-4C51-8080-9BB70620DBE5}
	EndGlobalSection
EndGlobal
